// !$*UTF8*$!
{
	archiveVersion = 1;
	classes = {
	};
	objectVersion = 50;
	objects = {

/* Begin PBXBuildFile section */
		00192905A8D6C10B71ED0621 /* Pods_SampleWeatherApp.framework in Frameworks */ = {isa = PBXBuildFile; fileRef = 09BEBEE24DE09C1B9B3D68B2 /* Pods_SampleWeatherApp.framework */; };
		7B7ACBDA2269235300A337A3 /* AppDelegate.swift in Sources */ = {isa = PBXBuildFile; fileRef = 7B7ACBD92269235300A337A3 /* AppDelegate.swift */; };
		7B7ACBDC2269235300A337A3 /* ViewController.swift in Sources */ = {isa = PBXBuildFile; fileRef = 7B7ACBDB2269235300A337A3 /* ViewController.swift */; };
		7B7ACBDF2269235300A337A3 /* Main.storyboard in Resources */ = {isa = PBXBuildFile; fileRef = 7B7ACBDD2269235300A337A3 /* Main.storyboard */; };
		7B7ACBE12269235400A337A3 /* Assets.xcassets in Resources */ = {isa = PBXBuildFile; fileRef = 7B7ACBE02269235400A337A3 /* Assets.xcassets */; };
		7B7ACBE42269235400A337A3 /* LaunchScreen.storyboard in Resources */ = {isa = PBXBuildFile; fileRef = 7B7ACBE22269235400A337A3 /* LaunchScreen.storyboard */; };
		7B7ACBEE226929F900A337A3 /* Protocols.swift in Sources */ = {isa = PBXBuildFile; fileRef = 7B7ACBED226929F900A337A3 /* Protocols.swift */; };
		7B7ACBF022692A2400A337A3 /* Constants.swift in Sources */ = {isa = PBXBuildFile; fileRef = 7B7ACBEF22692A2400A337A3 /* Constants.swift */; };
		7B7ACBF322692AAB00A337A3 /* RealmManager.swift in Sources */ = {isa = PBXBuildFile; fileRef = 7B7ACBF222692AAB00A337A3 /* RealmManager.swift */; };
		7B7ACBF522692C3700A337A3 /* City.swift in Sources */ = {isa = PBXBuildFile; fileRef = 7B7ACBF422692C3700A337A3 /* City.swift */; };
		7B7ACBF722692E3300A337A3 /* Weather.swift in Sources */ = {isa = PBXBuildFile; fileRef = 7B7ACBF622692E3300A337A3 /* Weather.swift */; };
		7B7ACBF922692E8000A337A3 /* WeatherDetails.swift in Sources */ = {isa = PBXBuildFile; fileRef = 7B7ACBF822692E8000A337A3 /* WeatherDetails.swift */; };
		7B7ACBFB22692FB800A337A3 /* Extensions.swift in Sources */ = {isa = PBXBuildFile; fileRef = 7B7ACBFA22692FB800A337A3 /* Extensions.swift */; };
		7B7ACBFD2269394B00A337A3 /* NetworkManager.swift in Sources */ = {isa = PBXBuildFile; fileRef = 7B7ACBFC2269394B00A337A3 /* NetworkManager.swift */; };
/* End PBXBuildFile section */

/* Begin PBXFileReference section */
		09BEBEE24DE09C1B9B3D68B2 /* Pods_SampleWeatherApp.framework */ = {isa = PBXFileReference; explicitFileType = wrapper.framework; includeInIndex = 0; path = Pods_SampleWeatherApp.framework; sourceTree = BUILT_PRODUCTS_DIR; };
		7B7ACBD62269235300A337A3 /* SampleWeatherApp.app */ = {isa = PBXFileReference; explicitFileType = wrapper.application; includeInIndex = 0; path = SampleWeatherApp.app; sourceTree = BUILT_PRODUCTS_DIR; };
		7B7ACBD92269235300A337A3 /* AppDelegate.swift */ = {isa = PBXFileReference; lastKnownFileType = sourcecode.swift; path = AppDelegate.swift; sourceTree = "<group>"; };
		7B7ACBDB2269235300A337A3 /* ViewController.swift */ = {isa = PBXFileReference; lastKnownFileType = sourcecode.swift; path = ViewController.swift; sourceTree = "<group>"; };
		7B7ACBDE2269235300A337A3 /* Base */ = {isa = PBXFileReference; lastKnownFileType = file.storyboard; name = Base; path = Base.lproj/Main.storyboard; sourceTree = "<group>"; };
		7B7ACBE02269235400A337A3 /* Assets.xcassets */ = {isa = PBXFileReference; lastKnownFileType = folder.assetcatalog; path = Assets.xcassets; sourceTree = "<group>"; };
		7B7ACBE32269235400A337A3 /* Base */ = {isa = PBXFileReference; lastKnownFileType = file.storyboard; name = Base; path = Base.lproj/LaunchScreen.storyboard; sourceTree = "<group>"; };
		7B7ACBE52269235400A337A3 /* Info.plist */ = {isa = PBXFileReference; lastKnownFileType = text.plist.xml; path = Info.plist; sourceTree = "<group>"; };
		7B7ACBED226929F900A337A3 /* Protocols.swift */ = {isa = PBXFileReference; lastKnownFileType = sourcecode.swift; path = Protocols.swift; sourceTree = "<group>"; };
		7B7ACBEF22692A2400A337A3 /* Constants.swift */ = {isa = PBXFileReference; lastKnownFileType = sourcecode.swift; path = Constants.swift; sourceTree = "<group>"; };
		7B7ACBF222692AAB00A337A3 /* RealmManager.swift */ = {isa = PBXFileReference; lastKnownFileType = sourcecode.swift; path = RealmManager.swift; sourceTree = "<group>"; };
		7B7ACBF422692C3700A337A3 /* City.swift */ = {isa = PBXFileReference; lastKnownFileType = sourcecode.swift; path = City.swift; sourceTree = "<group>"; };
		7B7ACBF622692E3300A337A3 /* Weather.swift */ = {isa = PBXFileReference; lastKnownFileType = sourcecode.swift; path = Weather.swift; sourceTree = "<group>"; };
		7B7ACBF822692E8000A337A3 /* WeatherDetails.swift */ = {isa = PBXFileReference; lastKnownFileType = sourcecode.swift; path = WeatherDetails.swift; sourceTree = "<group>"; };
		7B7ACBFA22692FB800A337A3 /* Extensions.swift */ = {isa = PBXFileReference; lastKnownFileType = sourcecode.swift; path = Extensions.swift; sourceTree = "<group>"; };
		7B7ACBFC2269394B00A337A3 /* NetworkManager.swift */ = {isa = PBXFileReference; lastKnownFileType = sourcecode.swift; path = NetworkManager.swift; sourceTree = "<group>"; };
		9DC2FFFF903706AABC81D80A /* Pods-SampleWeatherApp.debug.xcconfig */ = {isa = PBXFileReference; includeInIndex = 1; lastKnownFileType = text.xcconfig; name = "Pods-SampleWeatherApp.debug.xcconfig"; path = "Target Support Files/Pods-SampleWeatherApp/Pods-SampleWeatherApp.debug.xcconfig"; sourceTree = "<group>"; };
		B889706AD4B299A115FCA681 /* Pods-SampleWeatherApp.release.xcconfig */ = {isa = PBXFileReference; includeInIndex = 1; lastKnownFileType = text.xcconfig; name = "Pods-SampleWeatherApp.release.xcconfig"; path = "Target Support Files/Pods-SampleWeatherApp/Pods-SampleWeatherApp.release.xcconfig"; sourceTree = "<group>"; };
/* End PBXFileReference section */

/* Begin PBXFrameworksBuildPhase section */
		7B7ACBD32269235300A337A3 /* Frameworks */ = {
			isa = PBXFrameworksBuildPhase;
			buildActionMask = 2147483647;
			files = (
				00192905A8D6C10B71ED0621 /* Pods_SampleWeatherApp.framework in Frameworks */,
			);
			runOnlyForDeploymentPostprocessing = 0;
		};
/* End PBXFrameworksBuildPhase section */

/* Begin PBXGroup section */
		7B7ACBCD2269235300A337A3 = {
			isa = PBXGroup;
			children = (
				7B7ACBF122692A9F00A337A3 /* Managers */,
				7B7ACBEC226929E400A337A3 /* Protocols&Constants */,
				7B7ACBEB226929DC00A337A3 /* Models */,
				7B7ACBD82269235300A337A3 /* SampleWeatherApp */,
				7B7ACBD72269235300A337A3 /* Products */,
				FFB897F0E8FD514DD73BBC6C /* Pods */,
				8C012DCF2BBB50C4039CB369 /* Frameworks */,
			);
			sourceTree = "<group>";
		};
		7B7ACBD72269235300A337A3 /* Products */ = {
			isa = PBXGroup;
			children = (
				7B7ACBD62269235300A337A3 /* SampleWeatherApp.app */,
			);
			name = Products;
			sourceTree = "<group>";
		};
		7B7ACBD82269235300A337A3 /* SampleWeatherApp */ = {
			isa = PBXGroup;
			children = (
				7B7ACBD92269235300A337A3 /* AppDelegate.swift */,
				7B7ACBDB2269235300A337A3 /* ViewController.swift */,
				7B7ACBDD2269235300A337A3 /* Main.storyboard */,
				7B7ACBE02269235400A337A3 /* Assets.xcassets */,
				7B7ACBE22269235400A337A3 /* LaunchScreen.storyboard */,
				7B7ACBE52269235400A337A3 /* Info.plist */,
			);
			path = SampleWeatherApp;
			sourceTree = "<group>";
		};
		7B7ACBEB226929DC00A337A3 /* Models */ = {
			isa = PBXGroup;
			children = (
				7B7ACBF422692C3700A337A3 /* City.swift */,
				7B7ACBF622692E3300A337A3 /* Weather.swift */,
				7B7ACBF822692E8000A337A3 /* WeatherDetails.swift */,
			);
			path = Models;
			sourceTree = "<group>";
		};
		7B7ACBEC226929E400A337A3 /* Protocols&Constants */ = {
			isa = PBXGroup;
			children = (
				7B7ACBED226929F900A337A3 /* Protocols.swift */,
				7B7ACBEF22692A2400A337A3 /* Constants.swift */,
				7B7ACBFA22692FB800A337A3 /* Extensions.swift */,
			);
			path = "Protocols&Constants";
			sourceTree = "<group>";
		};
		7B7ACBF122692A9F00A337A3 /* Managers */ = {
			isa = PBXGroup;
			children = (
				7B7ACBF222692AAB00A337A3 /* RealmManager.swift */,
				7B7ACBFC2269394B00A337A3 /* NetworkManager.swift */,
			);
			path = Managers;
			sourceTree = "<group>";
		};
		8C012DCF2BBB50C4039CB369 /* Frameworks */ = {
			isa = PBXGroup;
			children = (
				09BEBEE24DE09C1B9B3D68B2 /* Pods_SampleWeatherApp.framework */,
			);
			name = Frameworks;
			sourceTree = "<group>";
		};
		FFB897F0E8FD514DD73BBC6C /* Pods */ = {
			isa = PBXGroup;
			children = (
				9DC2FFFF903706AABC81D80A /* Pods-SampleWeatherApp.debug.xcconfig */,
				B889706AD4B299A115FCA681 /* Pods-SampleWeatherApp.release.xcconfig */,
			);
			path = Pods;
			sourceTree = "<group>";
		};
/* End PBXGroup section */

/* Begin PBXNativeTarget section */
		7B7ACBD52269235300A337A3 /* SampleWeatherApp */ = {
			isa = PBXNativeTarget;
			buildConfigurationList = 7B7ACBE82269235400A337A3 /* Build configuration list for PBXNativeTarget "SampleWeatherApp" */;
			buildPhases = (
				B59B02007DDC5A8358D458D4 /* [CP] Check Pods Manifest.lock */,
				7B7ACBD22269235300A337A3 /* Sources */,
				7B7ACBD32269235300A337A3 /* Frameworks */,
				7B7ACBD42269235300A337A3 /* Resources */,
				9D7DC78FEE88D34F47C06E7F /* [CP] Embed Pods Frameworks */,
			);
			buildRules = (
			);
			dependencies = (
			);
			name = SampleWeatherApp;
			productName = SampleWeatherApp;
			productReference = 7B7ACBD62269235300A337A3 /* SampleWeatherApp.app */;
			productType = "com.apple.product-type.application";
		};
/* End PBXNativeTarget section */

/* Begin PBXProject section */
		7B7ACBCE2269235300A337A3 /* Project object */ = {
			isa = PBXProject;
			attributes = {
				LastSwiftUpdateCheck = 1020;
				LastUpgradeCheck = 1020;
				ORGANIZATIONNAME = "Darko Spasovski";
				TargetAttributes = {
					7B7ACBD52269235300A337A3 = {
						CreatedOnToolsVersion = 10.2.1;
					};
				};
			};
			buildConfigurationList = 7B7ACBD12269235300A337A3 /* Build configuration list for PBXProject "SampleWeatherApp" */;
			compatibilityVersion = "Xcode 9.3";
			developmentRegion = en;
			hasScannedForEncodings = 0;
			knownRegions = (
				en,
				Base,
			);
			mainGroup = 7B7ACBCD2269235300A337A3;
			productRefGroup = 7B7ACBD72269235300A337A3 /* Products */;
			projectDirPath = "";
			projectRoot = "";
			targets = (
				7B7ACBD52269235300A337A3 /* SampleWeatherApp */,
			);
		};
/* End PBXProject section */

/* Begin PBXResourcesBuildPhase section */
		7B7ACBD42269235300A337A3 /* Resources */ = {
			isa = PBXResourcesBuildPhase;
			buildActionMask = 2147483647;
			files = (
				7B7ACBE42269235400A337A3 /* LaunchScreen.storyboard in Resources */,
				7B7ACBE12269235400A337A3 /* Assets.xcassets in Resources */,
				7B7ACBDF2269235300A337A3 /* Main.storyboard in Resources */,
			);
			runOnlyForDeploymentPostprocessing = 0;
		};
/* End PBXResourcesBuildPhase section */

/* Begin PBXShellScriptBuildPhase section */
		9D7DC78FEE88D34F47C06E7F /* [CP] Embed Pods Frameworks */ = {
			isa = PBXShellScriptBuildPhase;
			buildActionMask = 2147483647;
			files = (
			);
			inputFileListPaths = (
			);
			inputPaths = (
				"${PODS_ROOT}/Target Support Files/Pods-SampleWeatherApp/Pods-SampleWeatherApp-frameworks.sh",
				"${BUILT_PRODUCTS_DIR}/Alamofire/Alamofire.framework",
				"${BUILT_PRODUCTS_DIR}/IGListKit/IGListKit.framework",
				"${BUILT_PRODUCTS_DIR}/Realm/Realm.framework",
				"${BUILT_PRODUCTS_DIR}/RealmSwift/RealmSwift.framework",
			);
			name = "[CP] Embed Pods Frameworks";
			outputFileListPaths = (
			);
			outputPaths = (
				"${TARGET_BUILD_DIR}/${FRAMEWORKS_FOLDER_PATH}/Alamofire.framework",
				"${TARGET_BUILD_DIR}/${FRAMEWORKS_FOLDER_PATH}/IGListKit.framework",
				"${TARGET_BUILD_DIR}/${FRAMEWORKS_FOLDER_PATH}/Realm.framework",
				"${TARGET_BUILD_DIR}/${FRAMEWORKS_FOLDER_PATH}/RealmSwift.framework",
			);
			runOnlyForDeploymentPostprocessing = 0;
			shellPath = /bin/sh;
			shellScript = "\"${PODS_ROOT}/Target Support Files/Pods-SampleWeatherApp/Pods-SampleWeatherApp-frameworks.sh\"\n";
			showEnvVarsInLog = 0;
		};
		B59B02007DDC5A8358D458D4 /* [CP] Check Pods Manifest.lock */ = {
			isa = PBXShellScriptBuildPhase;
			buildActionMask = 2147483647;
			files = (
			);
			inputFileListPaths = (
			);
			inputPaths = (
				"${PODS_PODFILE_DIR_PATH}/Podfile.lock",
				"${PODS_ROOT}/Manifest.lock",
			);
			name = "[CP] Check Pods Manifest.lock";
			outputFileListPaths = (
			);
			outputPaths = (
				"$(DERIVED_FILE_DIR)/Pods-SampleWeatherApp-checkManifestLockResult.txt",
			);
			runOnlyForDeploymentPostprocessing = 0;
			shellPath = /bin/sh;
			shellScript = "diff \"${PODS_PODFILE_DIR_PATH}/Podfile.lock\" \"${PODS_ROOT}/Manifest.lock\" > /dev/null\nif [ $? != 0 ] ; then\n    # print error to STDERR\n    echo \"error: The sandbox is not in sync with the Podfile.lock. Run 'pod install' or update your CocoaPods installation.\" >&2\n    exit 1\nfi\n# This output is used by Xcode 'outputs' to avoid re-running this script phase.\necho \"SUCCESS\" > \"${SCRIPT_OUTPUT_FILE_0}\"\n";
			showEnvVarsInLog = 0;
		};
/* End PBXShellScriptBuildPhase section */

/* Begin PBXSourcesBuildPhase section */
		7B7ACBD22269235300A337A3 /* Sources */ = {
			isa = PBXSourcesBuildPhase;
			buildActionMask = 2147483647;
			files = (
				7B7ACBEE226929F900A337A3 /* Protocols.swift in Sources */,
				7B7ACBFB22692FB800A337A3 /* Extensions.swift in Sources */,
				7B7ACBFD2269394B00A337A3 /* NetworkManager.swift in Sources */,
				7B7ACBF522692C3700A337A3 /* City.swift in Sources */,
				7B7ACBDC2269235300A337A3 /* ViewController.swift in Sources */,
				7B7ACBF322692AAB00A337A3 /* RealmManager.swift in Sources */,
				7B7ACBDA2269235300A337A3 /* AppDelegate.swift in Sources */,
				7B7ACBF922692E8000A337A3 /* WeatherDetails.swift in Sources */,
				7B7ACBF022692A2400A337A3 /* Constants.swift in Sources */,
				7B7ACBF722692E3300A337A3 /* Weather.swift in Sources */,
			);
			runOnlyForDeploymentPostprocessing = 0;
		};
/* End PBXSourcesBuildPhase section */

/* Begin PBXVariantGroup section */
		7B7ACBDD2269235300A337A3 /* Main.storyboard */ = {
			isa = PBXVariantGroup;
			children = (
				7B7ACBDE2269235300A337A3 /* Base */,
			);
			name = Main.storyboard;
			sourceTree = "<group>";
		};
		7B7ACBE22269235400A337A3 /* LaunchScreen.storyboard */ = {
			isa = PBXVariantGroup;
			children = (
				7B7ACBE32269235400A337A3 /* Base */,
			);
			name = LaunchScreen.storyboard;
			sourceTree = "<group>";
		};
/* End PBXVariantGroup section */

/* Begin XCBuildConfiguration section */
		7B7ACBE62269235400A337A3 /* Debug */ = {
			isa = XCBuildConfiguration;
			buildSettings = {
				ALWAYS_SEARCH_USER_PATHS = NO;
				CLANG_ANALYZER_NONNULL = YES;
				CLANG_ANALYZER_NUMBER_OBJECT_CONVERSION = YES_AGGRESSIVE;
				CLANG_CXX_LANGUAGE_STANDARD = "gnu++14";
				CLANG_CXX_LIBRARY = "libc++";
				CLANG_ENABLE_MODULES = YES;
				CLANG_ENABLE_OBJC_ARC = YES;
				CLANG_ENABLE_OBJC_WEAK = YES;
				CLANG_WARN_BLOCK_CAPTURE_AUTORELEASING = YES;
				CLANG_WARN_BOOL_CONVERSION = YES;
				CLANG_WARN_COMMA = YES;
				CLANG_WARN_CONSTANT_CONVERSION = YES;
				CLANG_WARN_DEPRECATED_OBJC_IMPLEMENTATIONS = YES;
				CLANG_WARN_DIRECT_OBJC_ISA_USAGE = YES_ERROR;
				CLANG_WARN_DOCUMENTATION_COMMENTS = YES;
				CLANG_WARN_EMPTY_BODY = YES;
				CLANG_WARN_ENUM_CONVERSION = YES;
				CLANG_WARN_INFINITE_RECURSION = YES;
				CLANG_WARN_INT_CONVERSION = YES;
				CLANG_WARN_NON_LITERAL_NULL_CONVERSION = YES;
				CLANG_WARN_OBJC_IMPLICIT_RETAIN_SELF = YES;
				CLANG_WARN_OBJC_LITERAL_CONVERSION = YES;
				CLANG_WARN_OBJC_ROOT_CLASS = YES_ERROR;
				CLANG_WARN_RANGE_LOOP_ANALYSIS = YES;
				CLANG_WARN_STRICT_PROTOTYPES = YES;
				CLANG_WARN_SUSPICIOUS_MOVE = YES;
				CLANG_WARN_UNGUARDED_AVAILABILITY = YES_AGGRESSIVE;
				CLANG_WARN_UNREACHABLE_CODE = YES;
				CLANG_WARN__DUPLICATE_METHOD_MATCH = YES;
				CODE_SIGN_IDENTITY = "iPhone Developer";
				COPY_PHASE_STRIP = NO;
				DEBUG_INFORMATION_FORMAT = dwarf;
				ENABLE_STRICT_OBJC_MSGSEND = YES;
				ENABLE_TESTABILITY = YES;
				GCC_C_LANGUAGE_STANDARD = gnu11;
				GCC_DYNAMIC_NO_PIC = NO;
				GCC_NO_COMMON_BLOCKS = YES;
				GCC_OPTIMIZATION_LEVEL = 0;
				GCC_PREPROCESSOR_DEFINITIONS = (
					"DEBUG=1",
					"$(inherited)",
				);
				GCC_WARN_64_TO_32_BIT_CONVERSION = YES;
				GCC_WARN_ABOUT_RETURN_TYPE = YES_ERROR;
				GCC_WARN_UNDECLARED_SELECTOR = YES;
				GCC_WARN_UNINITIALIZED_AUTOS = YES_AGGRESSIVE;
				GCC_WARN_UNUSED_FUNCTION = YES;
				GCC_WARN_UNUSED_VARIABLE = YES;
				IPHONEOS_DEPLOYMENT_TARGET = 10.0;
				MTL_ENABLE_DEBUG_INFO = INCLUDE_SOURCE;
				MTL_FAST_MATH = YES;
				ONLY_ACTIVE_ARCH = YES;
				SDKROOT = iphoneos;
				SWIFT_ACTIVE_COMPILATION_CONDITIONS = DEBUG;
				SWIFT_OPTIMIZATION_LEVEL = "-Onone";
			};
			name = Debug;
		};
		7B7ACBE72269235400A337A3 /* Release */ = {
			isa = XCBuildConfiguration;
			buildSettings = {
				ALWAYS_SEARCH_USER_PATHS = NO;
				CLANG_ANALYZER_NONNULL = YES;
				CLANG_ANALYZER_NUMBER_OBJECT_CONVERSION = YES_AGGRESSIVE;
				CLANG_CXX_LANGUAGE_STANDARD = "gnu++14";
				CLANG_CXX_LIBRARY = "libc++";
				CLANG_ENABLE_MODULES = YES;
				CLANG_ENABLE_OBJC_ARC = YES;
				CLANG_ENABLE_OBJC_WEAK = YES;
				CLANG_WARN_BLOCK_CAPTURE_AUTORELEASING = YES;
				CLANG_WARN_BOOL_CONVERSION = YES;
				CLANG_WARN_COMMA = YES;
				CLANG_WARN_CONSTANT_CONVERSION = YES;
				CLANG_WARN_DEPRECATED_OBJC_IMPLEMENTATIONS = YES;
				CLANG_WARN_DIRECT_OBJC_ISA_USAGE = YES_ERROR;
				CLANG_WARN_DOCUMENTATION_COMMENTS = YES;
				CLANG_WARN_EMPTY_BODY = YES;
				CLANG_WARN_ENUM_CONVERSION = YES;
				CLANG_WARN_INFINITE_RECURSION = YES;
				CLANG_WARN_INT_CONVERSION = YES;
				CLANG_WARN_NON_LITERAL_NULL_CONVERSION = YES;
				CLANG_WARN_OBJC_IMPLICIT_RETAIN_SELF = YES;
				CLANG_WARN_OBJC_LITERAL_CONVERSION = YES;
				CLANG_WARN_OBJC_ROOT_CLASS = YES_ERROR;
				CLANG_WARN_RANGE_LOOP_ANALYSIS = YES;
				CLANG_WARN_STRICT_PROTOTYPES = YES;
				CLANG_WARN_SUSPICIOUS_MOVE = YES;
				CLANG_WARN_UNGUARDED_AVAILABILITY = YES_AGGRESSIVE;
				CLANG_WARN_UNREACHABLE_CODE = YES;
				CLANG_WARN__DUPLICATE_METHOD_MATCH = YES;
				CODE_SIGN_IDENTITY = "iPhone Developer";
				COPY_PHASE_STRIP = NO;
				DEBUG_INFORMATION_FORMAT = "dwarf-with-dsym";
				ENABLE_NS_ASSERTIONS = NO;
				ENABLE_STRICT_OBJC_MSGSEND = YES;
				GCC_C_LANGUAGE_STANDARD = gnu11;
				GCC_NO_COMMON_BLOCKS = YES;
				GCC_WARN_64_TO_32_BIT_CONVERSION = YES;
				GCC_WARN_ABOUT_RETURN_TYPE = YES_ERROR;
				GCC_WARN_UNDECLARED_SELECTOR = YES;
				GCC_WARN_UNINITIALIZED_AUTOS = YES_AGGRESSIVE;
				GCC_WARN_UNUSED_FUNCTION = YES;
				GCC_WARN_UNUSED_VARIABLE = YES;
				IPHONEOS_DEPLOYMENT_TARGET = 10.0;
				MTL_ENABLE_DEBUG_INFO = NO;
				MTL_FAST_MATH = YES;
				SDKROOT = iphoneos;
				SWIFT_COMPILATION_MODE = wholemodule;
				SWIFT_OPTIMIZATION_LEVEL = "-O";
				VALIDATE_PRODUCT = YES;
			};
			name = Release;
		};
		7B7ACBE92269235400A337A3 /* Debug */ = {
			isa = XCBuildConfiguration;
			baseConfigurationReference = 9DC2FFFF903706AABC81D80A /* Pods-SampleWeatherApp.debug.xcconfig */;
			buildSettings = {
				ASSETCATALOG_COMPILER_APPICON_NAME = AppIcon;
				CODE_SIGN_STYLE = Automatic;
				DEVELOPMENT_TEAM = 4SW4HVYC5B;
				INFOPLIST_FILE = SampleWeatherApp/Info.plist;
				LD_RUNPATH_SEARCH_PATHS = (
					"$(inherited)",
					"@executable_path/Frameworks",
				);
				PRODUCT_BUNDLE_IDENTIFIER = com.darkospasovski.weatherApp;
				PRODUCT_NAME = "$(TARGET_NAME)";
				SWIFT_VERSION = 5.0;
				TARGETED_DEVICE_FAMILY = 1;
			};
			name = Debug;
		};
		7B7ACBEA2269235400A337A3 /* Release */ = {
			isa = XCBuildConfiguration;
			baseConfigurationReference = B889706AD4B299A115FCA681 /* Pods-SampleWeatherApp.release.xcconfig */;
			buildSettings = {
				ASSETCATALOG_COMPILER_APPICON_NAME = AppIcon;
				CODE_SIGN_STYLE = Automatic;
				DEVELOPMENT_TEAM = 4SW4HVYC5B;
				INFOPLIST_FILE = SampleWeatherApp/Info.plist;
				LD_RUNPATH_SEARCH_PATHS = (
					"$(inherited)",
					"@executable_path/Frameworks",
				);
				PRODUCT_BUNDLE_IDENTIFIER = com.darkospasovski.weatherApp;
				PRODUCT_NAME = "$(TARGET_NAME)";
				SWIFT_VERSION = 5.0;
				TARGETED_DEVICE_FAMILY = 1;
			};
			name = Release;
		};
/* End XCBuildConfiguration section */

/* Begin XCConfigurationList section */
		7B7ACBD12269235300A337A3 /* Build configuration list for PBXProject "SampleWeatherApp" */ = {
			isa = XCConfigurationList;
			buildConfigurations = (
				7B7ACBE62269235400A337A3 /* Debug */,
				7B7ACBE72269235400A337A3 /* Release */,
			);
			defaultConfigurationIsVisible = 0;
			defaultConfigurationName = Release;
		};
		7B7ACBE82269235400A337A3 /* Build configuration list for PBXNativeTarget "SampleWeatherApp" */ = {
			isa = XCConfigurationList;
			buildConfigurations = (
				7B7ACBE92269235400A337A3 /* Debug */,
				7B7ACBEA2269235400A337A3 /* Release */,
			);
			defaultConfigurationIsVisible = 0;
			defaultConfigurationName = Release;
		};
/* End XCConfigurationList section */
	};
	rootObject = 7B7ACBCE2269235300A337A3 /* Project object */;
}
