// !$*UTF8*$!
{
	archiveVersion = 1;
	classes = {
	};
	objectVersion = 50;
	objects = {

/* Begin PBXBuildFile section */
		00192905A8D6C10B71ED0621 /* Pods_SampleWeatherApp.framework in Frameworks */ = {isa = PBXBuildFile; fileRef = 09BEBEE24DE09C1B9B3D68B2 /* Pods_SampleWeatherApp.framework */; };
		7B4B0C942269C519003C6B57 /* DayCell.swift in Sources */ = {isa = PBXBuildFile; fileRef = 7B4B0C932269C518003C6B57 /* DayCell.swift */; };
		7B4B0C962269C522003C6B57 /* DayCell.xib in Resources */ = {isa = PBXBuildFile; fileRef = 7B4B0C952269C522003C6B57 /* DayCell.xib */; };
		7B7ACBDA2269235300A337A3 /* AppDelegate.swift in Sources */ = {isa = PBXBuildFile; fileRef = 7B7ACBD92269235300A337A3 /* AppDelegate.swift */; };
		7B7ACBDF2269235300A337A3 /* Main.storyboard in Resources */ = {isa = PBXBuildFile; fileRef = 7B7ACBDD2269235300A337A3 /* Main.storyboard */; };
		7B7ACBE12269235400A337A3 /* Assets.xcassets in Resources */ = {isa = PBXBuildFile; fileRef = 7B7ACBE02269235400A337A3 /* Assets.xcassets */; };
		7B7ACBE42269235400A337A3 /* LaunchScreen.storyboard in Resources */ = {isa = PBXBuildFile; fileRef = 7B7ACBE22269235400A337A3 /* LaunchScreen.storyboard */; };
		7B7ACBEE226929F900A337A3 /* Protocols.swift in Sources */ = {isa = PBXBuildFile; fileRef = 7B7ACBED226929F900A337A3 /* Protocols.swift */; };
		7B7ACBF022692A2400A337A3 /* Constants.swift in Sources */ = {isa = PBXBuildFile; fileRef = 7B7ACBEF22692A2400A337A3 /* Constants.swift */; };
		7B7ACBF322692AAB00A337A3 /* RealmManager.swift in Sources */ = {isa = PBXBuildFile; fileRef = 7B7ACBF222692AAB00A337A3 /* RealmManager.swift */; };
		7B7ACBF522692C3700A337A3 /* City.swift in Sources */ = {isa = PBXBuildFile; fileRef = 7B7ACBF422692C3700A337A3 /* City.swift */; };
		7B7ACBF722692E3300A337A3 /* Weather.swift in Sources */ = {isa = PBXBuildFile; fileRef = 7B7ACBF622692E3300A337A3 /* Weather.swift */; };
		7B7ACBF922692E8000A337A3 /* WeatherDetails.swift in Sources */ = {isa = PBXBuildFile; fileRef = 7B7ACBF822692E8000A337A3 /* WeatherDetails.swift */; };
		7B7ACBFB22692FB800A337A3 /* Extensions.swift in Sources */ = {isa = PBXBuildFile; fileRef = 7B7ACBFA22692FB800A337A3 /* Extensions.swift */; };
		7B7ACBFD2269394B00A337A3 /* NetworkManager.swift in Sources */ = {isa = PBXBuildFile; fileRef = 7B7ACBFC2269394B00A337A3 /* NetworkManager.swift */; };
		7BB0113122699156003EA219 /* HomeViewController.swift in Sources */ = {isa = PBXBuildFile; fileRef = 7BB0113022699156003EA219 /* HomeViewController.swift */; };
		7BB01134226992DC003EA219 /* CitySectionController.swift in Sources */ = {isa = PBXBuildFile; fileRef = 7BB01133226992DC003EA219 /* CitySectionController.swift */; };
		7BB0113A2269981C003EA219 /* AddNewButtonCell.swift in Sources */ = {isa = PBXBuildFile; fileRef = 7BB011382269981C003EA219 /* AddNewButtonCell.swift */; };
		7BB0113B2269981C003EA219 /* AddNewButtonCell.xib in Resources */ = {isa = PBXBuildFile; fileRef = 7BB011392269981C003EA219 /* AddNewButtonCell.xib */; };
		7BB0113E2269982A003EA219 /* CityCell.swift in Sources */ = {isa = PBXBuildFile; fileRef = 7BB0113C2269982A003EA219 /* CityCell.swift */; };
		7BB0113F2269982A003EA219 /* CityCell.xib in Resources */ = {isa = PBXBuildFile; fileRef = 7BB0113D2269982A003EA219 /* CityCell.xib */; };
		7BF406A3226E96D000EA73CA /* DaySectionController.swift in Sources */ = {isa = PBXBuildFile; fileRef = 7BF406A2226E96D000EA73CA /* DaySectionController.swift */; };
		7BF406A6226E9F8C00EA73CA /* WeatherDetailsViewController.swift in Sources */ = {isa = PBXBuildFile; fileRef = 7BF406A5226E9F8C00EA73CA /* WeatherDetailsViewController.swift */; };
		7BF406A8226EA08500EA73CA /* SearchCityViewController.swift in Sources */ = {isa = PBXBuildFile; fileRef = 7BF406A7226EA08500EA73CA /* SearchCityViewController.swift */; };
		7BF406AA226EA1A600EA73CA /* SearchSectionController.swift in Sources */ = {isa = PBXBuildFile; fileRef = 7BF406A9226EA1A600EA73CA /* SearchSectionController.swift */; };
		7BF406AC226EA1F400EA73CA /* SearchCell.swift in Sources */ = {isa = PBXBuildFile; fileRef = 7BF406AB226EA1F400EA73CA /* SearchCell.swift */; };
		7BF406B0226EBA2400EA73CA /* InfoTableViewCell.swift in Sources */ = {isa = PBXBuildFile; fileRef = 7BF406AE226EBA2400EA73CA /* InfoTableViewCell.swift */; };
		7BF406B1226EBA2400EA73CA /* InfoTableViewCell.xib in Resources */ = {isa = PBXBuildFile; fileRef = 7BF406AF226EBA2400EA73CA /* InfoTableViewCell.xib */; };
		7BF406B4226EBAC400EA73CA /* TitleTableViewCell.swift in Sources */ = {isa = PBXBuildFile; fileRef = 7BF406B2226EBAC400EA73CA /* TitleTableViewCell.swift */; };
		7BF406B5226EBAC400EA73CA /* TitleTableViewCell.xib in Resources */ = {isa = PBXBuildFile; fileRef = 7BF406B3226EBAC400EA73CA /* TitleTableViewCell.xib */; };
		7BF406B8226EBC8400EA73CA /* Date.swift in Sources */ = {isa = PBXBuildFile; fileRef = 7BF406B7226EBC8400EA73CA /* Date.swift */; };
		7BF406BA226EC46B00EA73CA /* CustomAnimator.swift in Sources */ = {isa = PBXBuildFile; fileRef = 7BF406B9226EC46B00EA73CA /* CustomAnimator.swift */; };
		7BF406BE226ED1D300EA73CA /* Protocols.swift in Sources */ = {isa = PBXBuildFile; fileRef = 7B7ACBED226929F900A337A3 /* Protocols.swift */; };
		7BF406BF226ED1D300EA73CA /* InfoTableViewCell.swift in Sources */ = {isa = PBXBuildFile; fileRef = 7BF406AE226EBA2400EA73CA /* InfoTableViewCell.swift */; };
		7BF406C0226ED1D300EA73CA /* CityCell.swift in Sources */ = {isa = PBXBuildFile; fileRef = 7BB0113C2269982A003EA219 /* CityCell.swift */; };
		7BF406C1226ED1D300EA73CA /* Extensions.swift in Sources */ = {isa = PBXBuildFile; fileRef = 7B7ACBFA22692FB800A337A3 /* Extensions.swift */; };
		7BF406C2226ED1D300EA73CA /* DaySectionController.swift in Sources */ = {isa = PBXBuildFile; fileRef = 7BF406A2226E96D000EA73CA /* DaySectionController.swift */; };
		7BF406C3226ED1D300EA73CA /* SearchCell.swift in Sources */ = {isa = PBXBuildFile; fileRef = 7BF406AB226EA1F400EA73CA /* SearchCell.swift */; };
		7BF406C4226ED1D300EA73CA /* NetworkManager.swift in Sources */ = {isa = PBXBuildFile; fileRef = 7B7ACBFC2269394B00A337A3 /* NetworkManager.swift */; };
		7BF406C5226ED1D300EA73CA /* TitleTableViewCell.swift in Sources */ = {isa = PBXBuildFile; fileRef = 7BF406B2226EBAC400EA73CA /* TitleTableViewCell.swift */; };
		7BF406C6226ED1D300EA73CA /* City.swift in Sources */ = {isa = PBXBuildFile; fileRef = 7B7ACBF422692C3700A337A3 /* City.swift */; };
		7BF406C7226ED1D300EA73CA /* DayCell.swift in Sources */ = {isa = PBXBuildFile; fileRef = 7B4B0C932269C518003C6B57 /* DayCell.swift */; };
		7BF406C8226ED1D300EA73CA /* RealmManager.swift in Sources */ = {isa = PBXBuildFile; fileRef = 7B7ACBF222692AAB00A337A3 /* RealmManager.swift */; };
		7BF406C9226ED1D300EA73CA /* SearchCityViewController.swift in Sources */ = {isa = PBXBuildFile; fileRef = 7BF406A7226EA08500EA73CA /* SearchCityViewController.swift */; };
		7BF406CA226ED1D300EA73CA /* AppDelegate.swift in Sources */ = {isa = PBXBuildFile; fileRef = 7B7ACBD92269235300A337A3 /* AppDelegate.swift */; };
		7BF406CB226ED1D300EA73CA /* AddNewButtonCell.swift in Sources */ = {isa = PBXBuildFile; fileRef = 7BB011382269981C003EA219 /* AddNewButtonCell.swift */; };
		7BF406CC226ED1D300EA73CA /* CustomAnimator.swift in Sources */ = {isa = PBXBuildFile; fileRef = 7BF406B9226EC46B00EA73CA /* CustomAnimator.swift */; };
		7BF406CD226ED1D300EA73CA /* WeatherDetailsViewController.swift in Sources */ = {isa = PBXBuildFile; fileRef = 7BF406A5226E9F8C00EA73CA /* WeatherDetailsViewController.swift */; };
		7BF406CE226ED1D300EA73CA /* HomeViewController.swift in Sources */ = {isa = PBXBuildFile; fileRef = 7BB0113022699156003EA219 /* HomeViewController.swift */; };
		7BF406CF226ED1D300EA73CA /* CitySectionController.swift in Sources */ = {isa = PBXBuildFile; fileRef = 7BB01133226992DC003EA219 /* CitySectionController.swift */; };
		7BF406D0226ED1D300EA73CA /* WeatherDetails.swift in Sources */ = {isa = PBXBuildFile; fileRef = 7B7ACBF822692E8000A337A3 /* WeatherDetails.swift */; };
		7BF406D1226ED1D300EA73CA /* SearchSectionController.swift in Sources */ = {isa = PBXBuildFile; fileRef = 7BF406A9226EA1A600EA73CA /* SearchSectionController.swift */; };
		7BF406D2226ED1D300EA73CA /* Date.swift in Sources */ = {isa = PBXBuildFile; fileRef = 7BF406B7226EBC8400EA73CA /* Date.swift */; };
		7BF406D3226ED1D300EA73CA /* Constants.swift in Sources */ = {isa = PBXBuildFile; fileRef = 7B7ACBEF22692A2400A337A3 /* Constants.swift */; };
		7BF406D4226ED1D300EA73CA /* Weather.swift in Sources */ = {isa = PBXBuildFile; fileRef = 7B7ACBF622692E3300A337A3 /* Weather.swift */; };
		7BF406D6226ED1D300EA73CA /* Pods_SampleWeatherApp.framework in Frameworks */ = {isa = PBXBuildFile; fileRef = 09BEBEE24DE09C1B9B3D68B2 /* Pods_SampleWeatherApp.framework */; };
		7BF406D8226ED1D300EA73CA /* AddNewButtonCell.xib in Resources */ = {isa = PBXBuildFile; fileRef = 7BB011392269981C003EA219 /* AddNewButtonCell.xib */; };
		7BF406D9226ED1D300EA73CA /* CityCell.xib in Resources */ = {isa = PBXBuildFile; fileRef = 7BB0113D2269982A003EA219 /* CityCell.xib */; };
		7BF406DA226ED1D300EA73CA /* InfoTableViewCell.xib in Resources */ = {isa = PBXBuildFile; fileRef = 7BF406AF226EBA2400EA73CA /* InfoTableViewCell.xib */; };
		7BF406DB226ED1D300EA73CA /* LaunchScreen.storyboard in Resources */ = {isa = PBXBuildFile; fileRef = 7B7ACBE22269235400A337A3 /* LaunchScreen.storyboard */; };
		7BF406DC226ED1D300EA73CA /* TitleTableViewCell.xib in Resources */ = {isa = PBXBuildFile; fileRef = 7BF406B3226EBAC400EA73CA /* TitleTableViewCell.xib */; };
		7BF406DD226ED1D300EA73CA /* Assets.xcassets in Resources */ = {isa = PBXBuildFile; fileRef = 7B7ACBE02269235400A337A3 /* Assets.xcassets */; };
		7BF406DE226ED1D300EA73CA /* DayCell.xib in Resources */ = {isa = PBXBuildFile; fileRef = 7B4B0C952269C522003C6B57 /* DayCell.xib */; };
		7BF406DF226ED1D300EA73CA /* Main.storyboard in Resources */ = {isa = PBXBuildFile; fileRef = 7B7ACBDD2269235300A337A3 /* Main.storyboard */; };
		7BF406EF226ED23F00EA73CA /* Protocols.swift in Sources */ = {isa = PBXBuildFile; fileRef = 7B7ACBED226929F900A337A3 /* Protocols.swift */; };
		7BF406F0226ED23F00EA73CA /* InfoTableViewCell.swift in Sources */ = {isa = PBXBuildFile; fileRef = 7BF406AE226EBA2400EA73CA /* InfoTableViewCell.swift */; };
		7BF406F1226ED23F00EA73CA /* CityCell.swift in Sources */ = {isa = PBXBuildFile; fileRef = 7BB0113C2269982A003EA219 /* CityCell.swift */; };
		7BF406F2226ED23F00EA73CA /* Extensions.swift in Sources */ = {isa = PBXBuildFile; fileRef = 7B7ACBFA22692FB800A337A3 /* Extensions.swift */; };
		7BF406F3226ED23F00EA73CA /* DaySectionController.swift in Sources */ = {isa = PBXBuildFile; fileRef = 7BF406A2226E96D000EA73CA /* DaySectionController.swift */; };
		7BF406F4226ED23F00EA73CA /* SearchCell.swift in Sources */ = {isa = PBXBuildFile; fileRef = 7BF406AB226EA1F400EA73CA /* SearchCell.swift */; };
		7BF406F5226ED23F00EA73CA /* NetworkManager.swift in Sources */ = {isa = PBXBuildFile; fileRef = 7B7ACBFC2269394B00A337A3 /* NetworkManager.swift */; };
		7BF406F6226ED23F00EA73CA /* TitleTableViewCell.swift in Sources */ = {isa = PBXBuildFile; fileRef = 7BF406B2226EBAC400EA73CA /* TitleTableViewCell.swift */; };
		7BF406F7226ED23F00EA73CA /* City.swift in Sources */ = {isa = PBXBuildFile; fileRef = 7B7ACBF422692C3700A337A3 /* City.swift */; };
		7BF406F8226ED23F00EA73CA /* DayCell.swift in Sources */ = {isa = PBXBuildFile; fileRef = 7B4B0C932269C518003C6B57 /* DayCell.swift */; };
		7BF406F9226ED23F00EA73CA /* RealmManager.swift in Sources */ = {isa = PBXBuildFile; fileRef = 7B7ACBF222692AAB00A337A3 /* RealmManager.swift */; };
		7BF406FA226ED23F00EA73CA /* SearchCityViewController.swift in Sources */ = {isa = PBXBuildFile; fileRef = 7BF406A7226EA08500EA73CA /* SearchCityViewController.swift */; };
		7BF406FB226ED23F00EA73CA /* AppDelegate.swift in Sources */ = {isa = PBXBuildFile; fileRef = 7B7ACBD92269235300A337A3 /* AppDelegate.swift */; };
		7BF406FC226ED23F00EA73CA /* AddNewButtonCell.swift in Sources */ = {isa = PBXBuildFile; fileRef = 7BB011382269981C003EA219 /* AddNewButtonCell.swift */; };
		7BF406FD226ED23F00EA73CA /* CustomAnimator.swift in Sources */ = {isa = PBXBuildFile; fileRef = 7BF406B9226EC46B00EA73CA /* CustomAnimator.swift */; };
		7BF406FE226ED23F00EA73CA /* WeatherDetailsViewController.swift in Sources */ = {isa = PBXBuildFile; fileRef = 7BF406A5226E9F8C00EA73CA /* WeatherDetailsViewController.swift */; };
		7BF406FF226ED23F00EA73CA /* HomeViewController.swift in Sources */ = {isa = PBXBuildFile; fileRef = 7BB0113022699156003EA219 /* HomeViewController.swift */; };
		7BF40700226ED23F00EA73CA /* CitySectionController.swift in Sources */ = {isa = PBXBuildFile; fileRef = 7BB01133226992DC003EA219 /* CitySectionController.swift */; };
		7BF40701226ED23F00EA73CA /* WeatherDetails.swift in Sources */ = {isa = PBXBuildFile; fileRef = 7B7ACBF822692E8000A337A3 /* WeatherDetails.swift */; };
		7BF40702226ED23F00EA73CA /* SearchSectionController.swift in Sources */ = {isa = PBXBuildFile; fileRef = 7BF406A9226EA1A600EA73CA /* SearchSectionController.swift */; };
		7BF40703226ED23F00EA73CA /* Date.swift in Sources */ = {isa = PBXBuildFile; fileRef = 7BF406B7226EBC8400EA73CA /* Date.swift */; };
		7BF40704226ED23F00EA73CA /* Constants.swift in Sources */ = {isa = PBXBuildFile; fileRef = 7B7ACBEF22692A2400A337A3 /* Constants.swift */; };
		7BF40705226ED23F00EA73CA /* Weather.swift in Sources */ = {isa = PBXBuildFile; fileRef = 7B7ACBF622692E3300A337A3 /* Weather.swift */; };
		7BF40707226ED23F00EA73CA /* Pods_SampleWeatherApp.framework in Frameworks */ = {isa = PBXBuildFile; fileRef = 09BEBEE24DE09C1B9B3D68B2 /* Pods_SampleWeatherApp.framework */; };
		7BF40709226ED23F00EA73CA /* AddNewButtonCell.xib in Resources */ = {isa = PBXBuildFile; fileRef = 7BB011392269981C003EA219 /* AddNewButtonCell.xib */; };
		7BF4070A226ED23F00EA73CA /* CityCell.xib in Resources */ = {isa = PBXBuildFile; fileRef = 7BB0113D2269982A003EA219 /* CityCell.xib */; };
		7BF4070B226ED23F00EA73CA /* InfoTableViewCell.xib in Resources */ = {isa = PBXBuildFile; fileRef = 7BF406AF226EBA2400EA73CA /* InfoTableViewCell.xib */; };
		7BF4070C226ED23F00EA73CA /* LaunchScreen.storyboard in Resources */ = {isa = PBXBuildFile; fileRef = 7B7ACBE22269235400A337A3 /* LaunchScreen.storyboard */; };
		7BF4070D226ED23F00EA73CA /* TitleTableViewCell.xib in Resources */ = {isa = PBXBuildFile; fileRef = 7BF406B3226EBAC400EA73CA /* TitleTableViewCell.xib */; };
		7BF4070E226ED23F00EA73CA /* Assets.xcassets in Resources */ = {isa = PBXBuildFile; fileRef = 7B7ACBE02269235400A337A3 /* Assets.xcassets */; };
		7BF4070F226ED23F00EA73CA /* DayCell.xib in Resources */ = {isa = PBXBuildFile; fileRef = 7B4B0C952269C522003C6B57 /* DayCell.xib */; };
		7BF40710226ED23F00EA73CA /* Main.storyboard in Resources */ = {isa = PBXBuildFile; fileRef = 7B7ACBDD2269235300A337A3 /* Main.storyboard */; };
		7BF4071C226ED24F00EA73CA /* Protocols.swift in Sources */ = {isa = PBXBuildFile; fileRef = 7B7ACBED226929F900A337A3 /* Protocols.swift */; };
		7BF4071D226ED24F00EA73CA /* InfoTableViewCell.swift in Sources */ = {isa = PBXBuildFile; fileRef = 7BF406AE226EBA2400EA73CA /* InfoTableViewCell.swift */; };
		7BF4071E226ED24F00EA73CA /* CityCell.swift in Sources */ = {isa = PBXBuildFile; fileRef = 7BB0113C2269982A003EA219 /* CityCell.swift */; };
		7BF4071F226ED24F00EA73CA /* Extensions.swift in Sources */ = {isa = PBXBuildFile; fileRef = 7B7ACBFA22692FB800A337A3 /* Extensions.swift */; };
		7BF40720226ED24F00EA73CA /* DaySectionController.swift in Sources */ = {isa = PBXBuildFile; fileRef = 7BF406A2226E96D000EA73CA /* DaySectionController.swift */; };
		7BF40721226ED24F00EA73CA /* SearchCell.swift in Sources */ = {isa = PBXBuildFile; fileRef = 7BF406AB226EA1F400EA73CA /* SearchCell.swift */; };
		7BF40722226ED24F00EA73CA /* NetworkManager.swift in Sources */ = {isa = PBXBuildFile; fileRef = 7B7ACBFC2269394B00A337A3 /* NetworkManager.swift */; };
		7BF40723226ED24F00EA73CA /* TitleTableViewCell.swift in Sources */ = {isa = PBXBuildFile; fileRef = 7BF406B2226EBAC400EA73CA /* TitleTableViewCell.swift */; };
		7BF40724226ED24F00EA73CA /* City.swift in Sources */ = {isa = PBXBuildFile; fileRef = 7B7ACBF422692C3700A337A3 /* City.swift */; };
		7BF40725226ED24F00EA73CA /* DayCell.swift in Sources */ = {isa = PBXBuildFile; fileRef = 7B4B0C932269C518003C6B57 /* DayCell.swift */; };
		7BF40726226ED24F00EA73CA /* RealmManager.swift in Sources */ = {isa = PBXBuildFile; fileRef = 7B7ACBF222692AAB00A337A3 /* RealmManager.swift */; };
		7BF40727226ED24F00EA73CA /* SearchCityViewController.swift in Sources */ = {isa = PBXBuildFile; fileRef = 7BF406A7226EA08500EA73CA /* SearchCityViewController.swift */; };
		7BF40728226ED24F00EA73CA /* AppDelegate.swift in Sources */ = {isa = PBXBuildFile; fileRef = 7B7ACBD92269235300A337A3 /* AppDelegate.swift */; };
		7BF40729226ED24F00EA73CA /* AddNewButtonCell.swift in Sources */ = {isa = PBXBuildFile; fileRef = 7BB011382269981C003EA219 /* AddNewButtonCell.swift */; };
		7BF4072A226ED24F00EA73CA /* CustomAnimator.swift in Sources */ = {isa = PBXBuildFile; fileRef = 7BF406B9226EC46B00EA73CA /* CustomAnimator.swift */; };
		7BF4072B226ED24F00EA73CA /* WeatherDetailsViewController.swift in Sources */ = {isa = PBXBuildFile; fileRef = 7BF406A5226E9F8C00EA73CA /* WeatherDetailsViewController.swift */; };
		7BF4072C226ED24F00EA73CA /* HomeViewController.swift in Sources */ = {isa = PBXBuildFile; fileRef = 7BB0113022699156003EA219 /* HomeViewController.swift */; };
		7BF4072D226ED24F00EA73CA /* CitySectionController.swift in Sources */ = {isa = PBXBuildFile; fileRef = 7BB01133226992DC003EA219 /* CitySectionController.swift */; };
		7BF4072E226ED24F00EA73CA /* WeatherDetails.swift in Sources */ = {isa = PBXBuildFile; fileRef = 7B7ACBF822692E8000A337A3 /* WeatherDetails.swift */; };
		7BF4072F226ED24F00EA73CA /* SearchSectionController.swift in Sources */ = {isa = PBXBuildFile; fileRef = 7BF406A9226EA1A600EA73CA /* SearchSectionController.swift */; };
		7BF40730226ED24F00EA73CA /* Date.swift in Sources */ = {isa = PBXBuildFile; fileRef = 7BF406B7226EBC8400EA73CA /* Date.swift */; };
		7BF40731226ED24F00EA73CA /* Constants.swift in Sources */ = {isa = PBXBuildFile; fileRef = 7B7ACBEF22692A2400A337A3 /* Constants.swift */; };
		7BF40732226ED24F00EA73CA /* Weather.swift in Sources */ = {isa = PBXBuildFile; fileRef = 7B7ACBF622692E3300A337A3 /* Weather.swift */; };
		7BF40734226ED24F00EA73CA /* Pods_SampleWeatherApp.framework in Frameworks */ = {isa = PBXBuildFile; fileRef = 09BEBEE24DE09C1B9B3D68B2 /* Pods_SampleWeatherApp.framework */; };
		7BF40736226ED24F00EA73CA /* AddNewButtonCell.xib in Resources */ = {isa = PBXBuildFile; fileRef = 7BB011392269981C003EA219 /* AddNewButtonCell.xib */; };
		7BF40737226ED24F00EA73CA /* CityCell.xib in Resources */ = {isa = PBXBuildFile; fileRef = 7BB0113D2269982A003EA219 /* CityCell.xib */; };
		7BF40738226ED24F00EA73CA /* InfoTableViewCell.xib in Resources */ = {isa = PBXBuildFile; fileRef = 7BF406AF226EBA2400EA73CA /* InfoTableViewCell.xib */; };
		7BF40739226ED24F00EA73CA /* LaunchScreen.storyboard in Resources */ = {isa = PBXBuildFile; fileRef = 7B7ACBE22269235400A337A3 /* LaunchScreen.storyboard */; };
		7BF4073A226ED24F00EA73CA /* TitleTableViewCell.xib in Resources */ = {isa = PBXBuildFile; fileRef = 7BF406B3226EBAC400EA73CA /* TitleTableViewCell.xib */; };
		7BF4073B226ED24F00EA73CA /* Assets.xcassets in Resources */ = {isa = PBXBuildFile; fileRef = 7B7ACBE02269235400A337A3 /* Assets.xcassets */; };
		7BF4073C226ED24F00EA73CA /* DayCell.xib in Resources */ = {isa = PBXBuildFile; fileRef = 7B4B0C952269C522003C6B57 /* DayCell.xib */; };
		7BF4073D226ED24F00EA73CA /* Main.storyboard in Resources */ = {isa = PBXBuildFile; fileRef = 7B7ACBDD2269235300A337A3 /* Main.storyboard */; };
/* End PBXBuildFile section */

/* Begin PBXFileReference section */
		09BEBEE24DE09C1B9B3D68B2 /* Pods_SampleWeatherApp.framework */ = {isa = PBXFileReference; explicitFileType = wrapper.framework; includeInIndex = 0; path = Pods_SampleWeatherApp.framework; sourceTree = BUILT_PRODUCTS_DIR; };
		7B4B0C932269C518003C6B57 /* DayCell.swift */ = {isa = PBXFileReference; lastKnownFileType = sourcecode.swift; path = DayCell.swift; sourceTree = "<group>"; };
		7B4B0C952269C522003C6B57 /* DayCell.xib */ = {isa = PBXFileReference; lastKnownFileType = file.xib; path = DayCell.xib; sourceTree = "<group>"; };
		7B7ACBD62269235300A337A3 /* SampleWeatherApp.app */ = {isa = PBXFileReference; explicitFileType = wrapper.application; includeInIndex = 0; path = SampleWeatherApp.app; sourceTree = BUILT_PRODUCTS_DIR; };
		7B7ACBD92269235300A337A3 /* AppDelegate.swift */ = {isa = PBXFileReference; lastKnownFileType = sourcecode.swift; path = AppDelegate.swift; sourceTree = "<group>"; };
		7B7ACBDE2269235300A337A3 /* Base */ = {isa = PBXFileReference; lastKnownFileType = file.storyboard; name = Base; path = Base.lproj/Main.storyboard; sourceTree = "<group>"; };
		7B7ACBE02269235400A337A3 /* Assets.xcassets */ = {isa = PBXFileReference; lastKnownFileType = folder.assetcatalog; path = Assets.xcassets; sourceTree = "<group>"; };
		7B7ACBE32269235400A337A3 /* Base */ = {isa = PBXFileReference; lastKnownFileType = file.storyboard; name = Base; path = Base.lproj/LaunchScreen.storyboard; sourceTree = "<group>"; };
		7B7ACBE52269235400A337A3 /* Info.plist */ = {isa = PBXFileReference; lastKnownFileType = text.plist.xml; path = Info.plist; sourceTree = "<group>"; };
		7B7ACBED226929F900A337A3 /* Protocols.swift */ = {isa = PBXFileReference; lastKnownFileType = sourcecode.swift; path = Protocols.swift; sourceTree = "<group>"; };
		7B7ACBEF22692A2400A337A3 /* Constants.swift */ = {isa = PBXFileReference; lastKnownFileType = sourcecode.swift; path = Constants.swift; sourceTree = "<group>"; };
		7B7ACBF222692AAB00A337A3 /* RealmManager.swift */ = {isa = PBXFileReference; lastKnownFileType = sourcecode.swift; path = RealmManager.swift; sourceTree = "<group>"; };
		7B7ACBF422692C3700A337A3 /* City.swift */ = {isa = PBXFileReference; lastKnownFileType = sourcecode.swift; path = City.swift; sourceTree = "<group>"; };
		7B7ACBF622692E3300A337A3 /* Weather.swift */ = {isa = PBXFileReference; lastKnownFileType = sourcecode.swift; path = Weather.swift; sourceTree = "<group>"; };
		7B7ACBF822692E8000A337A3 /* WeatherDetails.swift */ = {isa = PBXFileReference; lastKnownFileType = sourcecode.swift; path = WeatherDetails.swift; sourceTree = "<group>"; };
		7B7ACBFA22692FB800A337A3 /* Extensions.swift */ = {isa = PBXFileReference; lastKnownFileType = sourcecode.swift; path = Extensions.swift; sourceTree = "<group>"; };
		7B7ACBFC2269394B00A337A3 /* NetworkManager.swift */ = {isa = PBXFileReference; lastKnownFileType = sourcecode.swift; path = NetworkManager.swift; sourceTree = "<group>"; };
		7BB0113022699156003EA219 /* HomeViewController.swift */ = {isa = PBXFileReference; lastKnownFileType = sourcecode.swift; path = HomeViewController.swift; sourceTree = "<group>"; };
		7BB01133226992DC003EA219 /* CitySectionController.swift */ = {isa = PBXFileReference; lastKnownFileType = sourcecode.swift; path = CitySectionController.swift; sourceTree = "<group>"; };
		7BB011382269981C003EA219 /* AddNewButtonCell.swift */ = {isa = PBXFileReference; lastKnownFileType = sourcecode.swift; path = AddNewButtonCell.swift; sourceTree = "<group>"; };
		7BB011392269981C003EA219 /* AddNewButtonCell.xib */ = {isa = PBXFileReference; lastKnownFileType = file.xib; path = AddNewButtonCell.xib; sourceTree = "<group>"; };
		7BB0113C2269982A003EA219 /* CityCell.swift */ = {isa = PBXFileReference; lastKnownFileType = sourcecode.swift; path = CityCell.swift; sourceTree = "<group>"; };
		7BB0113D2269982A003EA219 /* CityCell.xib */ = {isa = PBXFileReference; lastKnownFileType = file.xib; path = CityCell.xib; sourceTree = "<group>"; };
		7BF406A2226E96D000EA73CA /* DaySectionController.swift */ = {isa = PBXFileReference; lastKnownFileType = sourcecode.swift; path = DaySectionController.swift; sourceTree = "<group>"; };
		7BF406A5226E9F8C00EA73CA /* WeatherDetailsViewController.swift */ = {isa = PBXFileReference; lastKnownFileType = sourcecode.swift; path = WeatherDetailsViewController.swift; sourceTree = "<group>"; };
		7BF406A7226EA08500EA73CA /* SearchCityViewController.swift */ = {isa = PBXFileReference; lastKnownFileType = sourcecode.swift; path = SearchCityViewController.swift; sourceTree = "<group>"; };
		7BF406A9226EA1A600EA73CA /* SearchSectionController.swift */ = {isa = PBXFileReference; lastKnownFileType = sourcecode.swift; path = SearchSectionController.swift; sourceTree = "<group>"; };
		7BF406AB226EA1F400EA73CA /* SearchCell.swift */ = {isa = PBXFileReference; lastKnownFileType = sourcecode.swift; path = SearchCell.swift; sourceTree = "<group>"; };
		7BF406AE226EBA2400EA73CA /* InfoTableViewCell.swift */ = {isa = PBXFileReference; lastKnownFileType = sourcecode.swift; path = InfoTableViewCell.swift; sourceTree = "<group>"; };
		7BF406AF226EBA2400EA73CA /* InfoTableViewCell.xib */ = {isa = PBXFileReference; lastKnownFileType = file.xib; path = InfoTableViewCell.xib; sourceTree = "<group>"; };
		7BF406B2226EBAC400EA73CA /* TitleTableViewCell.swift */ = {isa = PBXFileReference; lastKnownFileType = sourcecode.swift; path = TitleTableViewCell.swift; sourceTree = "<group>"; };
		7BF406B3226EBAC400EA73CA /* TitleTableViewCell.xib */ = {isa = PBXFileReference; lastKnownFileType = file.xib; path = TitleTableViewCell.xib; sourceTree = "<group>"; };
		7BF406B7226EBC8400EA73CA /* Date.swift */ = {isa = PBXFileReference; lastKnownFileType = sourcecode.swift; path = Date.swift; sourceTree = "<group>"; };
		7BF406B9226EC46B00EA73CA /* CustomAnimator.swift */ = {isa = PBXFileReference; lastKnownFileType = sourcecode.swift; path = CustomAnimator.swift; sourceTree = "<group>"; };
		7BF406E4226ED1D300EA73CA /* SampleWeatherAppDev.app */ = {isa = PBXFileReference; explicitFileType = wrapper.application; includeInIndex = 0; path = SampleWeatherAppDev.app; sourceTree = BUILT_PRODUCTS_DIR; };
		7BF406E5226ED1D300EA73CA /* SampleWeatherApp copy-Info.plist */ = {isa = PBXFileReference; lastKnownFileType = text.plist.xml; name = "SampleWeatherApp copy-Info.plist"; path = "/Users/darkospasovski/Documents/Work/SampleWeatherApp/SampleWeatherApp copy-Info.plist"; sourceTree = "<absolute>"; };
		7BF40717226ED23F00EA73CA /* SampleWeatherAppUA.app */ = {isa = PBXFileReference; explicitFileType = wrapper.application; includeInIndex = 0; path = SampleWeatherAppUA.app; sourceTree = BUILT_PRODUCTS_DIR; };
		7BF40718226ED23F00EA73CA /* SampleWeatherAppDev copy-Info.plist */ = {isa = PBXFileReference; lastKnownFileType = text.plist.xml; name = "SampleWeatherAppDev copy-Info.plist"; path = "/Users/darkospasovski/Documents/Work/SampleWeatherApp/SampleWeatherAppDev copy-Info.plist"; sourceTree = "<absolute>"; };
		7BF40744226ED24F00EA73CA /* SampleWeatherAppTest.app */ = {isa = PBXFileReference; explicitFileType = wrapper.application; includeInIndex = 0; path = SampleWeatherAppTest.app; sourceTree = BUILT_PRODUCTS_DIR; };
		7BF40745226ED25000EA73CA /* SampleWeatherAppUA copy-Info.plist */ = {isa = PBXFileReference; lastKnownFileType = text.plist.xml; name = "SampleWeatherAppUA copy-Info.plist"; path = "/Users/darkospasovski/Documents/Work/SampleWeatherApp/SampleWeatherAppUA copy-Info.plist"; sourceTree = "<absolute>"; };
		9DC2FFFF903706AABC81D80A /* Pods-SampleWeatherApp.debug.xcconfig */ = {isa = PBXFileReference; includeInIndex = 1; lastKnownFileType = text.xcconfig; name = "Pods-SampleWeatherApp.debug.xcconfig"; path = "Target Support Files/Pods-SampleWeatherApp/Pods-SampleWeatherApp.debug.xcconfig"; sourceTree = "<group>"; };
		B889706AD4B299A115FCA681 /* Pods-SampleWeatherApp.release.xcconfig */ = {isa = PBXFileReference; includeInIndex = 1; lastKnownFileType = text.xcconfig; name = "Pods-SampleWeatherApp.release.xcconfig"; path = "Target Support Files/Pods-SampleWeatherApp/Pods-SampleWeatherApp.release.xcconfig"; sourceTree = "<group>"; };
/* End PBXFileReference section */

/* Begin PBXFrameworksBuildPhase section */
		7B7ACBD32269235300A337A3 /* Frameworks */ = {
			isa = PBXFrameworksBuildPhase;
			buildActionMask = 2147483647;
			files = (
				00192905A8D6C10B71ED0621 /* Pods_SampleWeatherApp.framework in Frameworks */,
			);
			runOnlyForDeploymentPostprocessing = 0;
		};
		7BF406D5226ED1D300EA73CA /* Frameworks */ = {
			isa = PBXFrameworksBuildPhase;
			buildActionMask = 2147483647;
			files = (
				7BF406D6226ED1D300EA73CA /* Pods_SampleWeatherApp.framework in Frameworks */,
			);
			runOnlyForDeploymentPostprocessing = 0;
		};
		7BF40706226ED23F00EA73CA /* Frameworks */ = {
			isa = PBXFrameworksBuildPhase;
			buildActionMask = 2147483647;
			files = (
				7BF40707226ED23F00EA73CA /* Pods_SampleWeatherApp.framework in Frameworks */,
			);
			runOnlyForDeploymentPostprocessing = 0;
		};
		7BF40733226ED24F00EA73CA /* Frameworks */ = {
			isa = PBXFrameworksBuildPhase;
			buildActionMask = 2147483647;
			files = (
				7BF40734226ED24F00EA73CA /* Pods_SampleWeatherApp.framework in Frameworks */,
			);
			runOnlyForDeploymentPostprocessing = 0;
		};
/* End PBXFrameworksBuildPhase section */

/* Begin PBXGroup section */
		7B7ACBCD2269235300A337A3 = {
			isa = PBXGroup;
			children = (
				7B7ACBD82269235300A337A3 /* SampleWeatherApp */,
				7B7ACBD72269235300A337A3 /* Products */,
				FFB897F0E8FD514DD73BBC6C /* Pods */,
				8C012DCF2BBB50C4039CB369 /* Frameworks */,
				7BF406E5226ED1D300EA73CA /* SampleWeatherApp copy-Info.plist */,
				7BF40718226ED23F00EA73CA /* SampleWeatherAppDev copy-Info.plist */,
				7BF40745226ED25000EA73CA /* SampleWeatherAppUA copy-Info.plist */,
			);
			sourceTree = "<group>";
		};
		7B7ACBD72269235300A337A3 /* Products */ = {
			isa = PBXGroup;
			children = (
				7B7ACBD62269235300A337A3 /* SampleWeatherApp.app */,
				7BF406E4226ED1D300EA73CA /* SampleWeatherAppDev.app */,
				7BF40717226ED23F00EA73CA /* SampleWeatherAppUA.app */,
				7BF40744226ED24F00EA73CA /* SampleWeatherAppTest.app */,
			);
			name = Products;
			sourceTree = "<group>";
		};
		7B7ACBD82269235300A337A3 /* SampleWeatherApp */ = {
			isa = PBXGroup;
			children = (
				7BF406B6226EBC7900EA73CA /* Extensions */,
				7BF406AD226EBA0800EA73CA /* UITableViewCells */,
				7BF406A4226E9F5800EA73CA /* CustomAnimator */,
				7BB0113722699802003EA219 /* UICollectionCells */,
				7BB01132226992C7003EA219 /* SectionControllers */,
				7BB0112F2269914A003EA219 /* Controllers */,
				7B7ACBF122692A9F00A337A3 /* Managers */,
				7B7ACBEC226929E400A337A3 /* Protocols&Constants */,
				7B7ACBEB226929DC00A337A3 /* Models */,
				7B7ACBD92269235300A337A3 /* AppDelegate.swift */,
				7B7ACBDD2269235300A337A3 /* Main.storyboard */,
				7B7ACBE02269235400A337A3 /* Assets.xcassets */,
				7B7ACBE22269235400A337A3 /* LaunchScreen.storyboard */,
				7B7ACBE52269235400A337A3 /* Info.plist */,
			);
			path = SampleWeatherApp;
			sourceTree = "<group>";
		};
		7B7ACBEB226929DC00A337A3 /* Models */ = {
			isa = PBXGroup;
			children = (
				7B7ACBF422692C3700A337A3 /* City.swift */,
				7B7ACBF622692E3300A337A3 /* Weather.swift */,
				7B7ACBF822692E8000A337A3 /* WeatherDetails.swift */,
			);
			path = Models;
			sourceTree = "<group>";
		};
		7B7ACBEC226929E400A337A3 /* Protocols&Constants */ = {
			isa = PBXGroup;
			children = (
				7B7ACBED226929F900A337A3 /* Protocols.swift */,
				7B7ACBEF22692A2400A337A3 /* Constants.swift */,
			);
			path = "Protocols&Constants";
			sourceTree = "<group>";
		};
		7B7ACBF122692A9F00A337A3 /* Managers */ = {
			isa = PBXGroup;
			children = (
				7B7ACBF222692AAB00A337A3 /* RealmManager.swift */,
				7B7ACBFC2269394B00A337A3 /* NetworkManager.swift */,
			);
			path = Managers;
			sourceTree = "<group>";
		};
		7BB0112F2269914A003EA219 /* Controllers */ = {
			isa = PBXGroup;
			children = (
				7BB0113022699156003EA219 /* HomeViewController.swift */,
				7BF406A5226E9F8C00EA73CA /* WeatherDetailsViewController.swift */,
				7BF406A7226EA08500EA73CA /* SearchCityViewController.swift */,
			);
			path = Controllers;
			sourceTree = "<group>";
		};
		7BB01132226992C7003EA219 /* SectionControllers */ = {
			isa = PBXGroup;
			children = (
				7BB01133226992DC003EA219 /* CitySectionController.swift */,
				7BF406A2226E96D000EA73CA /* DaySectionController.swift */,
				7BF406A9226EA1A600EA73CA /* SearchSectionController.swift */,
			);
			path = SectionControllers;
			sourceTree = "<group>";
		};
		7BB0113722699802003EA219 /* UICollectionCells */ = {
			isa = PBXGroup;
			children = (
				7BB011382269981C003EA219 /* AddNewButtonCell.swift */,
				7BB011392269981C003EA219 /* AddNewButtonCell.xib */,
				7BB0113C2269982A003EA219 /* CityCell.swift */,
				7BB0113D2269982A003EA219 /* CityCell.xib */,
				7B4B0C932269C518003C6B57 /* DayCell.swift */,
				7B4B0C952269C522003C6B57 /* DayCell.xib */,
				7BF406AB226EA1F400EA73CA /* SearchCell.swift */,
			);
			path = UICollectionCells;
			sourceTree = "<group>";
		};
		7BF406A4226E9F5800EA73CA /* CustomAnimator */ = {
			isa = PBXGroup;
			children = (
				7BF406B9226EC46B00EA73CA /* CustomAnimator.swift */,
			);
			path = CustomAnimator;
			sourceTree = "<group>";
		};
		7BF406AD226EBA0800EA73CA /* UITableViewCells */ = {
			isa = PBXGroup;
			children = (
				7BF406AE226EBA2400EA73CA /* InfoTableViewCell.swift */,
				7BF406AF226EBA2400EA73CA /* InfoTableViewCell.xib */,
				7BF406B2226EBAC400EA73CA /* TitleTableViewCell.swift */,
				7BF406B3226EBAC400EA73CA /* TitleTableViewCell.xib */,
			);
			path = UITableViewCells;
			sourceTree = "<group>";
		};
		7BF406B6226EBC7900EA73CA /* Extensions */ = {
			isa = PBXGroup;
			children = (
				7BF406B7226EBC8400EA73CA /* Date.swift */,
				7B7ACBFA22692FB800A337A3 /* Extensions.swift */,
			);
			path = Extensions;
			sourceTree = "<group>";
		};
		8C012DCF2BBB50C4039CB369 /* Frameworks */ = {
			isa = PBXGroup;
			children = (
				09BEBEE24DE09C1B9B3D68B2 /* Pods_SampleWeatherApp.framework */,
			);
			name = Frameworks;
			sourceTree = "<group>";
		};
		FFB897F0E8FD514DD73BBC6C /* Pods */ = {
			isa = PBXGroup;
			children = (
				9DC2FFFF903706AABC81D80A /* Pods-SampleWeatherApp.debug.xcconfig */,
				B889706AD4B299A115FCA681 /* Pods-SampleWeatherApp.release.xcconfig */,
			);
			path = Pods;
			sourceTree = "<group>";
		};
/* End PBXGroup section */

/* Begin PBXNativeTarget section */
		7B7ACBD52269235300A337A3 /* SampleWeatherApp */ = {
			isa = PBXNativeTarget;
			buildConfigurationList = 7B7ACBE82269235400A337A3 /* Build configuration list for PBXNativeTarget "SampleWeatherApp" */;
			buildPhases = (
				B59B02007DDC5A8358D458D4 /* [CP] Check Pods Manifest.lock */,
				7B7ACBD22269235300A337A3 /* Sources */,
				7B7ACBD32269235300A337A3 /* Frameworks */,
				7B7ACBD42269235300A337A3 /* Resources */,
				9D7DC78FEE88D34F47C06E7F /* [CP] Embed Pods Frameworks */,
			);
			buildRules = (
			);
			dependencies = (
			);
			name = SampleWeatherApp;
			productName = SampleWeatherApp;
			productReference = 7B7ACBD62269235300A337A3 /* SampleWeatherApp.app */;
			productType = "com.apple.product-type.application";
		};
		7BF406BB226ED1D300EA73CA /* SampleWeatherAppDev */ = {
			isa = PBXNativeTarget;
			buildConfigurationList = 7BF406E1226ED1D300EA73CA /* Build configuration list for PBXNativeTarget "SampleWeatherAppDev" */;
			buildPhases = (
				7BF406BC226ED1D300EA73CA /* [CP] Check Pods Manifest.lock */,
				7BF406BD226ED1D300EA73CA /* Sources */,
				7BF406D5226ED1D300EA73CA /* Frameworks */,
				7BF406D7226ED1D300EA73CA /* Resources */,
				7BF406E0226ED1D300EA73CA /* [CP] Embed Pods Frameworks */,
			);
			buildRules = (
			);
			dependencies = (
			);
			name = SampleWeatherAppDev;
			productName = SampleWeatherApp;
			productReference = 7BF406E4226ED1D300EA73CA /* SampleWeatherAppDev.app */;
			productType = "com.apple.product-type.application";
		};
		7BF406EC226ED23F00EA73CA /* SampleWeatherAppUA */ = {
			isa = PBXNativeTarget;
			buildConfigurationList = 7BF40712226ED23F00EA73CA /* Build configuration list for PBXNativeTarget "SampleWeatherAppUA" */;
			buildPhases = (
				7BF406ED226ED23F00EA73CA /* [CP] Check Pods Manifest.lock */,
				7BF406EE226ED23F00EA73CA /* Sources */,
				7BF40706226ED23F00EA73CA /* Frameworks */,
				7BF40708226ED23F00EA73CA /* Resources */,
				7BF40711226ED23F00EA73CA /* [CP] Embed Pods Frameworks */,
			);
			buildRules = (
			);
			dependencies = (
			);
			name = SampleWeatherAppUA;
			productName = SampleWeatherApp;
			productReference = 7BF40717226ED23F00EA73CA /* SampleWeatherAppUA.app */;
			productType = "com.apple.product-type.application";
		};
		7BF40719226ED24F00EA73CA /* SampleWeatherAppTest */ = {
			isa = PBXNativeTarget;
			buildConfigurationList = 7BF4073F226ED24F00EA73CA /* Build configuration list for PBXNativeTarget "SampleWeatherAppTest" */;
			buildPhases = (
				7BF4071A226ED24F00EA73CA /* [CP] Check Pods Manifest.lock */,
				7BF4071B226ED24F00EA73CA /* Sources */,
				7BF40733226ED24F00EA73CA /* Frameworks */,
				7BF40735226ED24F00EA73CA /* Resources */,
				7BF4073E226ED24F00EA73CA /* [CP] Embed Pods Frameworks */,
			);
			buildRules = (
			);
			dependencies = (
			);
			name = SampleWeatherAppTest;
			productName = SampleWeatherApp;
			productReference = 7BF40744226ED24F00EA73CA /* SampleWeatherAppTest.app */;
			productType = "com.apple.product-type.application";
		};
/* End PBXNativeTarget section */

/* Begin PBXProject section */
		7B7ACBCE2269235300A337A3 /* Project object */ = {
			isa = PBXProject;
			attributes = {
				LastSwiftUpdateCheck = 1020;
				LastUpgradeCheck = 1020;
				ORGANIZATIONNAME = "Darko Spasovski";
				TargetAttributes = {
					7B7ACBD52269235300A337A3 = {
						CreatedOnToolsVersion = 10.2.1;
					};
				};
			};
			buildConfigurationList = 7B7ACBD12269235300A337A3 /* Build configuration list for PBXProject "SampleWeatherApp" */;
			compatibilityVersion = "Xcode 9.3";
			developmentRegion = en;
			hasScannedForEncodings = 0;
			knownRegions = (
				en,
				Base,
			);
			mainGroup = 7B7ACBCD2269235300A337A3;
			productRefGroup = 7B7ACBD72269235300A337A3 /* Products */;
			projectDirPath = "";
			projectRoot = "";
			targets = (
				7B7ACBD52269235300A337A3 /* SampleWeatherApp */,
				7BF406BB226ED1D300EA73CA /* SampleWeatherAppDev */,
				7BF406EC226ED23F00EA73CA /* SampleWeatherAppUA */,
				7BF40719226ED24F00EA73CA /* SampleWeatherAppTest */,
			);
		};
/* End PBXProject section */

/* Begin PBXResourcesBuildPhase section */
		7B7ACBD42269235300A337A3 /* Resources */ = {
			isa = PBXResourcesBuildPhase;
			buildActionMask = 2147483647;
			files = (
				7BB0113B2269981C003EA219 /* AddNewButtonCell.xib in Resources */,
				7BB0113F2269982A003EA219 /* CityCell.xib in Resources */,
				7BF406B1226EBA2400EA73CA /* InfoTableViewCell.xib in Resources */,
				7B7ACBE42269235400A337A3 /* LaunchScreen.storyboard in Resources */,
				7BF406B5226EBAC400EA73CA /* TitleTableViewCell.xib in Resources */,
				7B7ACBE12269235400A337A3 /* Assets.xcassets in Resources */,
				7B4B0C962269C522003C6B57 /* DayCell.xib in Resources */,
				7B7ACBDF2269235300A337A3 /* Main.storyboard in Resources */,
			);
			runOnlyForDeploymentPostprocessing = 0;
		};
		7BF406D7226ED1D300EA73CA /* Resources */ = {
			isa = PBXResourcesBuildPhase;
			buildActionMask = 2147483647;
			files = (
				7BF406D8226ED1D300EA73CA /* AddNewButtonCell.xib in Resources */,
				7BF406D9226ED1D300EA73CA /* CityCell.xib in Resources */,
				7BF406DA226ED1D300EA73CA /* InfoTableViewCell.xib in Resources */,
				7BF406DB226ED1D300EA73CA /* LaunchScreen.storyboard in Resources */,
				7BF406DC226ED1D300EA73CA /* TitleTableViewCell.xib in Resources */,
				7BF406DD226ED1D300EA73CA /* Assets.xcassets in Resources */,
				7BF406DE226ED1D300EA73CA /* DayCell.xib in Resources */,
				7BF406DF226ED1D300EA73CA /* Main.storyboard in Resources */,
			);
			runOnlyForDeploymentPostprocessing = 0;
		};
		7BF40708226ED23F00EA73CA /* Resources */ = {
			isa = PBXResourcesBuildPhase;
			buildActionMask = 2147483647;
			files = (
				7BF40709226ED23F00EA73CA /* AddNewButtonCell.xib in Resources */,
				7BF4070A226ED23F00EA73CA /* CityCell.xib in Resources */,
				7BF4070B226ED23F00EA73CA /* InfoTableViewCell.xib in Resources */,
				7BF4070C226ED23F00EA73CA /* LaunchScreen.storyboard in Resources */,
				7BF4070D226ED23F00EA73CA /* TitleTableViewCell.xib in Resources */,
				7BF4070E226ED23F00EA73CA /* Assets.xcassets in Resources */,
				7BF4070F226ED23F00EA73CA /* DayCell.xib in Resources */,
				7BF40710226ED23F00EA73CA /* Main.storyboard in Resources */,
			);
			runOnlyForDeploymentPostprocessing = 0;
		};
		7BF40735226ED24F00EA73CA /* Resources */ = {
			isa = PBXResourcesBuildPhase;
			buildActionMask = 2147483647;
			files = (
				7BF40736226ED24F00EA73CA /* AddNewButtonCell.xib in Resources */,
				7BF40737226ED24F00EA73CA /* CityCell.xib in Resources */,
				7BF40738226ED24F00EA73CA /* InfoTableViewCell.xib in Resources */,
				7BF40739226ED24F00EA73CA /* LaunchScreen.storyboard in Resources */,
				7BF4073A226ED24F00EA73CA /* TitleTableViewCell.xib in Resources */,
				7BF4073B226ED24F00EA73CA /* Assets.xcassets in Resources */,
				7BF4073C226ED24F00EA73CA /* DayCell.xib in Resources */,
				7BF4073D226ED24F00EA73CA /* Main.storyboard in Resources */,
			);
			runOnlyForDeploymentPostprocessing = 0;
		};
/* End PBXResourcesBuildPhase section */

/* Begin PBXShellScriptBuildPhase section */
		7BF406BC226ED1D300EA73CA /* [CP] Check Pods Manifest.lock */ = {
			isa = PBXShellScriptBuildPhase;
			buildActionMask = 2147483647;
			files = (
			);
			inputFileListPaths = (
			);
			inputPaths = (
				"${PODS_PODFILE_DIR_PATH}/Podfile.lock",
				"${PODS_ROOT}/Manifest.lock",
			);
			name = "[CP] Check Pods Manifest.lock";
			outputFileListPaths = (
			);
			outputPaths = (
				"$(DERIVED_FILE_DIR)/Pods-SampleWeatherApp-checkManifestLockResult.txt",
			);
			runOnlyForDeploymentPostprocessing = 0;
			shellPath = /bin/sh;
			shellScript = "diff \"${PODS_PODFILE_DIR_PATH}/Podfile.lock\" \"${PODS_ROOT}/Manifest.lock\" > /dev/null\nif [ $? != 0 ] ; then\n    # print error to STDERR\n    echo \"error: The sandbox is not in sync with the Podfile.lock. Run 'pod install' or update your CocoaPods installation.\" >&2\n    exit 1\nfi\n# This output is used by Xcode 'outputs' to avoid re-running this script phase.\necho \"SUCCESS\" > \"${SCRIPT_OUTPUT_FILE_0}\"\n";
			showEnvVarsInLog = 0;
		};
		7BF406E0226ED1D300EA73CA /* [CP] Embed Pods Frameworks */ = {
			isa = PBXShellScriptBuildPhase;
			buildActionMask = 2147483647;
			files = (
			);
			inputFileListPaths = (
			);
			inputPaths = (
				"${PODS_ROOT}/Target Support Files/Pods-SampleWeatherApp/Pods-SampleWeatherApp-frameworks.sh",
				"${BUILT_PRODUCTS_DIR}/Alamofire/Alamofire.framework",
				"${BUILT_PRODUCTS_DIR}/IGListKit/IGListKit.framework",
				"${BUILT_PRODUCTS_DIR}/Kingfisher/Kingfisher.framework",
				"${BUILT_PRODUCTS_DIR}/Realm/Realm.framework",
				"${BUILT_PRODUCTS_DIR}/RealmSwift/RealmSwift.framework",
			);
			name = "[CP] Embed Pods Frameworks";
			outputFileListPaths = (
			);
			outputPaths = (
				"${TARGET_BUILD_DIR}/${FRAMEWORKS_FOLDER_PATH}/Alamofire.framework",
				"${TARGET_BUILD_DIR}/${FRAMEWORKS_FOLDER_PATH}/IGListKit.framework",
				"${TARGET_BUILD_DIR}/${FRAMEWORKS_FOLDER_PATH}/Kingfisher.framework",
				"${TARGET_BUILD_DIR}/${FRAMEWORKS_FOLDER_PATH}/Realm.framework",
				"${TARGET_BUILD_DIR}/${FRAMEWORKS_FOLDER_PATH}/RealmSwift.framework",
			);
			runOnlyForDeploymentPostprocessing = 0;
			shellPath = /bin/sh;
			shellScript = "\"${PODS_ROOT}/Target Support Files/Pods-SampleWeatherApp/Pods-SampleWeatherApp-frameworks.sh\"\n";
			showEnvVarsInLog = 0;
		};
		7BF406ED226ED23F00EA73CA /* [CP] Check Pods Manifest.lock */ = {
			isa = PBXShellScriptBuildPhase;
			buildActionMask = 2147483647;
			files = (
			);
			inputFileListPaths = (
			);
			inputPaths = (
				"${PODS_PODFILE_DIR_PATH}/Podfile.lock",
				"${PODS_ROOT}/Manifest.lock",
			);
			name = "[CP] Check Pods Manifest.lock";
			outputFileListPaths = (
			);
			outputPaths = (
				"$(DERIVED_FILE_DIR)/Pods-SampleWeatherApp-checkManifestLockResult.txt",
			);
			runOnlyForDeploymentPostprocessing = 0;
			shellPath = /bin/sh;
			shellScript = "diff \"${PODS_PODFILE_DIR_PATH}/Podfile.lock\" \"${PODS_ROOT}/Manifest.lock\" > /dev/null\nif [ $? != 0 ] ; then\n    # print error to STDERR\n    echo \"error: The sandbox is not in sync with the Podfile.lock. Run 'pod install' or update your CocoaPods installation.\" >&2\n    exit 1\nfi\n# This output is used by Xcode 'outputs' to avoid re-running this script phase.\necho \"SUCCESS\" > \"${SCRIPT_OUTPUT_FILE_0}\"\n";
			showEnvVarsInLog = 0;
		};
		7BF40711226ED23F00EA73CA /* [CP] Embed Pods Frameworks */ = {
			isa = PBXShellScriptBuildPhase;
			buildActionMask = 2147483647;
			files = (
			);
			inputFileListPaths = (
			);
			inputPaths = (
				"${PODS_ROOT}/Target Support Files/Pods-SampleWeatherApp/Pods-SampleWeatherApp-frameworks.sh",
				"${BUILT_PRODUCTS_DIR}/Alamofire/Alamofire.framework",
				"${BUILT_PRODUCTS_DIR}/IGListKit/IGListKit.framework",
				"${BUILT_PRODUCTS_DIR}/Kingfisher/Kingfisher.framework",
				"${BUILT_PRODUCTS_DIR}/Realm/Realm.framework",
				"${BUILT_PRODUCTS_DIR}/RealmSwift/RealmSwift.framework",
			);
			name = "[CP] Embed Pods Frameworks";
			outputFileListPaths = (
			);
			outputPaths = (
				"${TARGET_BUILD_DIR}/${FRAMEWORKS_FOLDER_PATH}/Alamofire.framework",
				"${TARGET_BUILD_DIR}/${FRAMEWORKS_FOLDER_PATH}/IGListKit.framework",
				"${TARGET_BUILD_DIR}/${FRAMEWORKS_FOLDER_PATH}/Kingfisher.framework",
				"${TARGET_BUILD_DIR}/${FRAMEWORKS_FOLDER_PATH}/Realm.framework",
				"${TARGET_BUILD_DIR}/${FRAMEWORKS_FOLDER_PATH}/RealmSwift.framework",
			);
			runOnlyForDeploymentPostprocessing = 0;
			shellPath = /bin/sh;
			shellScript = "\"${PODS_ROOT}/Target Support Files/Pods-SampleWeatherApp/Pods-SampleWeatherApp-frameworks.sh\"\n";
			showEnvVarsInLog = 0;
		};
		7BF4071A226ED24F00EA73CA /* [CP] Check Pods Manifest.lock */ = {
			isa = PBXShellScriptBuildPhase;
			buildActionMask = 2147483647;
			files = (
			);
			inputFileListPaths = (
			);
			inputPaths = (
				"${PODS_PODFILE_DIR_PATH}/Podfile.lock",
				"${PODS_ROOT}/Manifest.lock",
			);
			name = "[CP] Check Pods Manifest.lock";
			outputFileListPaths = (
			);
			outputPaths = (
				"$(DERIVED_FILE_DIR)/Pods-SampleWeatherApp-checkManifestLockResult.txt",
			);
			runOnlyForDeploymentPostprocessing = 0;
			shellPath = /bin/sh;
			shellScript = "diff \"${PODS_PODFILE_DIR_PATH}/Podfile.lock\" \"${PODS_ROOT}/Manifest.lock\" > /dev/null\nif [ $? != 0 ] ; then\n    # print error to STDERR\n    echo \"error: The sandbox is not in sync with the Podfile.lock. Run 'pod install' or update your CocoaPods installation.\" >&2\n    exit 1\nfi\n# This output is used by Xcode 'outputs' to avoid re-running this script phase.\necho \"SUCCESS\" > \"${SCRIPT_OUTPUT_FILE_0}\"\n";
			showEnvVarsInLog = 0;
		};
		7BF4073E226ED24F00EA73CA /* [CP] Embed Pods Frameworks */ = {
			isa = PBXShellScriptBuildPhase;
			buildActionMask = 2147483647;
			files = (
			);
			inputFileListPaths = (
			);
			inputPaths = (
				"${PODS_ROOT}/Target Support Files/Pods-SampleWeatherApp/Pods-SampleWeatherApp-frameworks.sh",
				"${BUILT_PRODUCTS_DIR}/Alamofire/Alamofire.framework",
				"${BUILT_PRODUCTS_DIR}/IGListKit/IGListKit.framework",
				"${BUILT_PRODUCTS_DIR}/Kingfisher/Kingfisher.framework",
				"${BUILT_PRODUCTS_DIR}/Realm/Realm.framework",
				"${BUILT_PRODUCTS_DIR}/RealmSwift/RealmSwift.framework",
			);
			name = "[CP] Embed Pods Frameworks";
			outputFileListPaths = (
			);
			outputPaths = (
				"${TARGET_BUILD_DIR}/${FRAMEWORKS_FOLDER_PATH}/Alamofire.framework",
				"${TARGET_BUILD_DIR}/${FRAMEWORKS_FOLDER_PATH}/IGListKit.framework",
				"${TARGET_BUILD_DIR}/${FRAMEWORKS_FOLDER_PATH}/Kingfisher.framework",
				"${TARGET_BUILD_DIR}/${FRAMEWORKS_FOLDER_PATH}/Realm.framework",
				"${TARGET_BUILD_DIR}/${FRAMEWORKS_FOLDER_PATH}/RealmSwift.framework",
			);
			runOnlyForDeploymentPostprocessing = 0;
			shellPath = /bin/sh;
			shellScript = "\"${PODS_ROOT}/Target Support Files/Pods-SampleWeatherApp/Pods-SampleWeatherApp-frameworks.sh\"\n";
			showEnvVarsInLog = 0;
		};
		9D7DC78FEE88D34F47C06E7F /* [CP] Embed Pods Frameworks */ = {
			isa = PBXShellScriptBuildPhase;
			buildActionMask = 2147483647;
			files = (
			);
			inputFileListPaths = (
			);
			inputPaths = (
				"${PODS_ROOT}/Target Support Files/Pods-SampleWeatherApp/Pods-SampleWeatherApp-frameworks.sh",
				"${BUILT_PRODUCTS_DIR}/Alamofire/Alamofire.framework",
				"${BUILT_PRODUCTS_DIR}/IGListKit/IGListKit.framework",
				"${BUILT_PRODUCTS_DIR}/Kingfisher/Kingfisher.framework",
				"${BUILT_PRODUCTS_DIR}/Realm/Realm.framework",
				"${BUILT_PRODUCTS_DIR}/RealmSwift/RealmSwift.framework",
			);
			name = "[CP] Embed Pods Frameworks";
			outputFileListPaths = (
			);
			outputPaths = (
				"${TARGET_BUILD_DIR}/${FRAMEWORKS_FOLDER_PATH}/Alamofire.framework",
				"${TARGET_BUILD_DIR}/${FRAMEWORKS_FOLDER_PATH}/IGListKit.framework",
				"${TARGET_BUILD_DIR}/${FRAMEWORKS_FOLDER_PATH}/Kingfisher.framework",
				"${TARGET_BUILD_DIR}/${FRAMEWORKS_FOLDER_PATH}/Realm.framework",
				"${TARGET_BUILD_DIR}/${FRAMEWORKS_FOLDER_PATH}/RealmSwift.framework",
			);
			runOnlyForDeploymentPostprocessing = 0;
			shellPath = /bin/sh;
			shellScript = "\"${PODS_ROOT}/Target Support Files/Pods-SampleWeatherApp/Pods-SampleWeatherApp-frameworks.sh\"\n";
			showEnvVarsInLog = 0;
		};
		B59B02007DDC5A8358D458D4 /* [CP] Check Pods Manifest.lock */ = {
			isa = PBXShellScriptBuildPhase;
			buildActionMask = 2147483647;
			files = (
			);
			inputFileListPaths = (
			);
			inputPaths = (
				"${PODS_PODFILE_DIR_PATH}/Podfile.lock",
				"${PODS_ROOT}/Manifest.lock",
			);
			name = "[CP] Check Pods Manifest.lock";
			outputFileListPaths = (
			);
			outputPaths = (
				"$(DERIVED_FILE_DIR)/Pods-SampleWeatherApp-checkManifestLockResult.txt",
			);
			runOnlyForDeploymentPostprocessing = 0;
			shellPath = /bin/sh;
			shellScript = "diff \"${PODS_PODFILE_DIR_PATH}/Podfile.lock\" \"${PODS_ROOT}/Manifest.lock\" > /dev/null\nif [ $? != 0 ] ; then\n    # print error to STDERR\n    echo \"error: The sandbox is not in sync with the Podfile.lock. Run 'pod install' or update your CocoaPods installation.\" >&2\n    exit 1\nfi\n# This output is used by Xcode 'outputs' to avoid re-running this script phase.\necho \"SUCCESS\" > \"${SCRIPT_OUTPUT_FILE_0}\"\n";
			showEnvVarsInLog = 0;
		};
/* End PBXShellScriptBuildPhase section */

/* Begin PBXSourcesBuildPhase section */
		7B7ACBD22269235300A337A3 /* Sources */ = {
			isa = PBXSourcesBuildPhase;
			buildActionMask = 2147483647;
			files = (
				7B7ACBEE226929F900A337A3 /* Protocols.swift in Sources */,
				7BF406B0226EBA2400EA73CA /* InfoTableViewCell.swift in Sources */,
				7BB0113E2269982A003EA219 /* CityCell.swift in Sources */,
				7B7ACBFB22692FB800A337A3 /* Extensions.swift in Sources */,
				7BF406A3226E96D000EA73CA /* DaySectionController.swift in Sources */,
				7BF406AC226EA1F400EA73CA /* SearchCell.swift in Sources */,
				7B7ACBFD2269394B00A337A3 /* NetworkManager.swift in Sources */,
				7BF406B4226EBAC400EA73CA /* TitleTableViewCell.swift in Sources */,
				7B7ACBF522692C3700A337A3 /* City.swift in Sources */,
				7B4B0C942269C519003C6B57 /* DayCell.swift in Sources */,
				7B7ACBF322692AAB00A337A3 /* RealmManager.swift in Sources */,
				7BF406A8226EA08500EA73CA /* SearchCityViewController.swift in Sources */,
				7B7ACBDA2269235300A337A3 /* AppDelegate.swift in Sources */,
				7BB0113A2269981C003EA219 /* AddNewButtonCell.swift in Sources */,
				7BF406BA226EC46B00EA73CA /* CustomAnimator.swift in Sources */,
				7BF406A6226E9F8C00EA73CA /* WeatherDetailsViewController.swift in Sources */,
				7BB0113122699156003EA219 /* HomeViewController.swift in Sources */,
				7BB01134226992DC003EA219 /* CitySectionController.swift in Sources */,
				7B7ACBF922692E8000A337A3 /* WeatherDetails.swift in Sources */,
				7BF406AA226EA1A600EA73CA /* SearchSectionController.swift in Sources */,
				7BF406B8226EBC8400EA73CA /* Date.swift in Sources */,
				7B7ACBF022692A2400A337A3 /* Constants.swift in Sources */,
				7B7ACBF722692E3300A337A3 /* Weather.swift in Sources */,
			);
			runOnlyForDeploymentPostprocessing = 0;
		};
		7BF406BD226ED1D300EA73CA /* Sources */ = {
			isa = PBXSourcesBuildPhase;
			buildActionMask = 2147483647;
			files = (
				7BF406BE226ED1D300EA73CA /* Protocols.swift in Sources */,
				7BF406BF226ED1D300EA73CA /* InfoTableViewCell.swift in Sources */,
				7BF406C0226ED1D300EA73CA /* CityCell.swift in Sources */,
				7BF406C1226ED1D300EA73CA /* Extensions.swift in Sources */,
				7BF406C2226ED1D300EA73CA /* DaySectionController.swift in Sources */,
				7BF406C3226ED1D300EA73CA /* SearchCell.swift in Sources */,
				7BF406C4226ED1D300EA73CA /* NetworkManager.swift in Sources */,
				7BF406C5226ED1D300EA73CA /* TitleTableViewCell.swift in Sources */,
				7BF406C6226ED1D300EA73CA /* City.swift in Sources */,
				7BF406C7226ED1D300EA73CA /* DayCell.swift in Sources */,
				7BF406C8226ED1D300EA73CA /* RealmManager.swift in Sources */,
				7BF406C9226ED1D300EA73CA /* SearchCityViewController.swift in Sources */,
				7BF406CA226ED1D300EA73CA /* AppDelegate.swift in Sources */,
				7BF406CB226ED1D300EA73CA /* AddNewButtonCell.swift in Sources */,
				7BF406CC226ED1D300EA73CA /* CustomAnimator.swift in Sources */,
				7BF406CD226ED1D300EA73CA /* WeatherDetailsViewController.swift in Sources */,
				7BF406CE226ED1D300EA73CA /* HomeViewController.swift in Sources */,
				7BF406CF226ED1D300EA73CA /* CitySectionController.swift in Sources */,
				7BF406D0226ED1D300EA73CA /* WeatherDetails.swift in Sources */,
				7BF406D1226ED1D300EA73CA /* SearchSectionController.swift in Sources */,
				7BF406D2226ED1D300EA73CA /* Date.swift in Sources */,
				7BF406D3226ED1D300EA73CA /* Constants.swift in Sources */,
				7BF406D4226ED1D300EA73CA /* Weather.swift in Sources */,
			);
			runOnlyForDeploymentPostprocessing = 0;
		};
		7BF406EE226ED23F00EA73CA /* Sources */ = {
			isa = PBXSourcesBuildPhase;
			buildActionMask = 2147483647;
			files = (
				7BF406EF226ED23F00EA73CA /* Protocols.swift in Sources */,
				7BF406F0226ED23F00EA73CA /* InfoTableViewCell.swift in Sources */,
				7BF406F1226ED23F00EA73CA /* CityCell.swift in Sources */,
				7BF406F2226ED23F00EA73CA /* Extensions.swift in Sources */,
				7BF406F3226ED23F00EA73CA /* DaySectionController.swift in Sources */,
				7BF406F4226ED23F00EA73CA /* SearchCell.swift in Sources */,
				7BF406F5226ED23F00EA73CA /* NetworkManager.swift in Sources */,
				7BF406F6226ED23F00EA73CA /* TitleTableViewCell.swift in Sources */,
				7BF406F7226ED23F00EA73CA /* City.swift in Sources */,
				7BF406F8226ED23F00EA73CA /* DayCell.swift in Sources */,
				7BF406F9226ED23F00EA73CA /* RealmManager.swift in Sources */,
				7BF406FA226ED23F00EA73CA /* SearchCityViewController.swift in Sources */,
				7BF406FB226ED23F00EA73CA /* AppDelegate.swift in Sources */,
				7BF406FC226ED23F00EA73CA /* AddNewButtonCell.swift in Sources */,
				7BF406FD226ED23F00EA73CA /* CustomAnimator.swift in Sources */,
				7BF406FE226ED23F00EA73CA /* WeatherDetailsViewController.swift in Sources */,
				7BF406FF226ED23F00EA73CA /* HomeViewController.swift in Sources */,
				7BF40700226ED23F00EA73CA /* CitySectionController.swift in Sources */,
				7BF40701226ED23F00EA73CA /* WeatherDetails.swift in Sources */,
				7BF40702226ED23F00EA73CA /* SearchSectionController.swift in Sources */,
				7BF40703226ED23F00EA73CA /* Date.swift in Sources */,
				7BF40704226ED23F00EA73CA /* Constants.swift in Sources */,
				7BF40705226ED23F00EA73CA /* Weather.swift in Sources */,
			);
			runOnlyForDeploymentPostprocessing = 0;
		};
		7BF4071B226ED24F00EA73CA /* Sources */ = {
			isa = PBXSourcesBuildPhase;
			buildActionMask = 2147483647;
			files = (
				7BF4071C226ED24F00EA73CA /* Protocols.swift in Sources */,
				7BF4071D226ED24F00EA73CA /* InfoTableViewCell.swift in Sources */,
				7BF4071E226ED24F00EA73CA /* CityCell.swift in Sources */,
				7BF4071F226ED24F00EA73CA /* Extensions.swift in Sources */,
				7BF40720226ED24F00EA73CA /* DaySectionController.swift in Sources */,
				7BF40721226ED24F00EA73CA /* SearchCell.swift in Sources */,
				7BF40722226ED24F00EA73CA /* NetworkManager.swift in Sources */,
				7BF40723226ED24F00EA73CA /* TitleTableViewCell.swift in Sources */,
				7BF40724226ED24F00EA73CA /* City.swift in Sources */,
				7BF40725226ED24F00EA73CA /* DayCell.swift in Sources */,
				7BF40726226ED24F00EA73CA /* RealmManager.swift in Sources */,
				7BF40727226ED24F00EA73CA /* SearchCityViewController.swift in Sources */,
				7BF40728226ED24F00EA73CA /* AppDelegate.swift in Sources */,
				7BF40729226ED24F00EA73CA /* AddNewButtonCell.swift in Sources */,
				7BF4072A226ED24F00EA73CA /* CustomAnimator.swift in Sources */,
				7BF4072B226ED24F00EA73CA /* WeatherDetailsViewController.swift in Sources */,
				7BF4072C226ED24F00EA73CA /* HomeViewController.swift in Sources */,
				7BF4072D226ED24F00EA73CA /* CitySectionController.swift in Sources */,
				7BF4072E226ED24F00EA73CA /* WeatherDetails.swift in Sources */,
				7BF4072F226ED24F00EA73CA /* SearchSectionController.swift in Sources */,
				7BF40730226ED24F00EA73CA /* Date.swift in Sources */,
				7BF40731226ED24F00EA73CA /* Constants.swift in Sources */,
				7BF40732226ED24F00EA73CA /* Weather.swift in Sources */,
			);
			runOnlyForDeploymentPostprocessing = 0;
		};
/* End PBXSourcesBuildPhase section */

/* Begin PBXVariantGroup section */
		7B7ACBDD2269235300A337A3 /* Main.storyboard */ = {
			isa = PBXVariantGroup;
			children = (
				7B7ACBDE2269235300A337A3 /* Base */,
			);
			name = Main.storyboard;
			sourceTree = "<group>";
		};
		7B7ACBE22269235400A337A3 /* LaunchScreen.storyboard */ = {
			isa = PBXVariantGroup;
			children = (
				7B7ACBE32269235400A337A3 /* Base */,
			);
			name = LaunchScreen.storyboard;
			sourceTree = "<group>";
		};
/* End PBXVariantGroup section */

/* Begin XCBuildConfiguration section */
		7B7ACBE62269235400A337A3 /* Debug */ = {
			isa = XCBuildConfiguration;
			buildSettings = {
				ALWAYS_SEARCH_USER_PATHS = NO;
				CLANG_ANALYZER_NONNULL = YES;
				CLANG_ANALYZER_NUMBER_OBJECT_CONVERSION = YES_AGGRESSIVE;
				CLANG_CXX_LANGUAGE_STANDARD = "gnu++14";
				CLANG_CXX_LIBRARY = "libc++";
				CLANG_ENABLE_MODULES = YES;
				CLANG_ENABLE_OBJC_ARC = YES;
				CLANG_ENABLE_OBJC_WEAK = YES;
				CLANG_WARN_BLOCK_CAPTURE_AUTORELEASING = YES;
				CLANG_WARN_BOOL_CONVERSION = YES;
				CLANG_WARN_COMMA = YES;
				CLANG_WARN_CONSTANT_CONVERSION = YES;
				CLANG_WARN_DEPRECATED_OBJC_IMPLEMENTATIONS = YES;
				CLANG_WARN_DIRECT_OBJC_ISA_USAGE = YES_ERROR;
				CLANG_WARN_DOCUMENTATION_COMMENTS = YES;
				CLANG_WARN_EMPTY_BODY = YES;
				CLANG_WARN_ENUM_CONVERSION = YES;
				CLANG_WARN_INFINITE_RECURSION = YES;
				CLANG_WARN_INT_CONVERSION = YES;
				CLANG_WARN_NON_LITERAL_NULL_CONVERSION = YES;
				CLANG_WARN_OBJC_IMPLICIT_RETAIN_SELF = YES;
				CLANG_WARN_OBJC_LITERAL_CONVERSION = YES;
				CLANG_WARN_OBJC_ROOT_CLASS = YES_ERROR;
				CLANG_WARN_RANGE_LOOP_ANALYSIS = YES;
				CLANG_WARN_STRICT_PROTOTYPES = YES;
				CLANG_WARN_SUSPICIOUS_MOVE = YES;
				CLANG_WARN_UNGUARDED_AVAILABILITY = YES_AGGRESSIVE;
				CLANG_WARN_UNREACHABLE_CODE = YES;
				CLANG_WARN__DUPLICATE_METHOD_MATCH = YES;
				CODE_SIGN_IDENTITY = "iPhone Developer";
				COPY_PHASE_STRIP = NO;
				DEBUG_INFORMATION_FORMAT = dwarf;
				ENABLE_STRICT_OBJC_MSGSEND = YES;
				ENABLE_TESTABILITY = YES;
				GCC_C_LANGUAGE_STANDARD = gnu11;
				GCC_DYNAMIC_NO_PIC = NO;
				GCC_NO_COMMON_BLOCKS = YES;
				GCC_OPTIMIZATION_LEVEL = 0;
				GCC_PREPROCESSOR_DEFINITIONS = (
					"DEBUG=1",
					"$(inherited)",
				);
				GCC_WARN_64_TO_32_BIT_CONVERSION = YES;
				GCC_WARN_ABOUT_RETURN_TYPE = YES_ERROR;
				GCC_WARN_UNDECLARED_SELECTOR = YES;
				GCC_WARN_UNINITIALIZED_AUTOS = YES_AGGRESSIVE;
				GCC_WARN_UNUSED_FUNCTION = YES;
				GCC_WARN_UNUSED_VARIABLE = YES;
				IPHONEOS_DEPLOYMENT_TARGET = 10.0;
				MTL_ENABLE_DEBUG_INFO = INCLUDE_SOURCE;
				MTL_FAST_MATH = YES;
				ONLY_ACTIVE_ARCH = YES;
				SDKROOT = iphoneos;
				SWIFT_ACTIVE_COMPILATION_CONDITIONS = DEBUG;
				SWIFT_OPTIMIZATION_LEVEL = "-Onone";
			};
			name = Debug;
		};
		7B7ACBE72269235400A337A3 /* Release */ = {
			isa = XCBuildConfiguration;
			buildSettings = {
				ALWAYS_SEARCH_USER_PATHS = NO;
				CLANG_ANALYZER_NONNULL = YES;
				CLANG_ANALYZER_NUMBER_OBJECT_CONVERSION = YES_AGGRESSIVE;
				CLANG_CXX_LANGUAGE_STANDARD = "gnu++14";
				CLANG_CXX_LIBRARY = "libc++";
				CLANG_ENABLE_MODULES = YES;
				CLANG_ENABLE_OBJC_ARC = YES;
				CLANG_ENABLE_OBJC_WEAK = YES;
				CLANG_WARN_BLOCK_CAPTURE_AUTORELEASING = YES;
				CLANG_WARN_BOOL_CONVERSION = YES;
				CLANG_WARN_COMMA = YES;
				CLANG_WARN_CONSTANT_CONVERSION = YES;
				CLANG_WARN_DEPRECATED_OBJC_IMPLEMENTATIONS = YES;
				CLANG_WARN_DIRECT_OBJC_ISA_USAGE = YES_ERROR;
				CLANG_WARN_DOCUMENTATION_COMMENTS = YES;
				CLANG_WARN_EMPTY_BODY = YES;
				CLANG_WARN_ENUM_CONVERSION = YES;
				CLANG_WARN_INFINITE_RECURSION = YES;
				CLANG_WARN_INT_CONVERSION = YES;
				CLANG_WARN_NON_LITERAL_NULL_CONVERSION = YES;
				CLANG_WARN_OBJC_IMPLICIT_RETAIN_SELF = YES;
				CLANG_WARN_OBJC_LITERAL_CONVERSION = YES;
				CLANG_WARN_OBJC_ROOT_CLASS = YES_ERROR;
				CLANG_WARN_RANGE_LOOP_ANALYSIS = YES;
				CLANG_WARN_STRICT_PROTOTYPES = YES;
				CLANG_WARN_SUSPICIOUS_MOVE = YES;
				CLANG_WARN_UNGUARDED_AVAILABILITY = YES_AGGRESSIVE;
				CLANG_WARN_UNREACHABLE_CODE = YES;
				CLANG_WARN__DUPLICATE_METHOD_MATCH = YES;
				CODE_SIGN_IDENTITY = "iPhone Developer";
				COPY_PHASE_STRIP = NO;
				DEBUG_INFORMATION_FORMAT = "dwarf-with-dsym";
				ENABLE_NS_ASSERTIONS = NO;
				ENABLE_STRICT_OBJC_MSGSEND = YES;
				GCC_C_LANGUAGE_STANDARD = gnu11;
				GCC_NO_COMMON_BLOCKS = YES;
				GCC_WARN_64_TO_32_BIT_CONVERSION = YES;
				GCC_WARN_ABOUT_RETURN_TYPE = YES_ERROR;
				GCC_WARN_UNDECLARED_SELECTOR = YES;
				GCC_WARN_UNINITIALIZED_AUTOS = YES_AGGRESSIVE;
				GCC_WARN_UNUSED_FUNCTION = YES;
				GCC_WARN_UNUSED_VARIABLE = YES;
				IPHONEOS_DEPLOYMENT_TARGET = 10.0;
				MTL_ENABLE_DEBUG_INFO = NO;
				MTL_FAST_MATH = YES;
				SDKROOT = iphoneos;
				SWIFT_COMPILATION_MODE = wholemodule;
				SWIFT_OPTIMIZATION_LEVEL = "-O";
				VALIDATE_PRODUCT = YES;
			};
			name = Release;
		};
		7B7ACBE92269235400A337A3 /* Debug */ = {
			isa = XCBuildConfiguration;
			baseConfigurationReference = 9DC2FFFF903706AABC81D80A /* Pods-SampleWeatherApp.debug.xcconfig */;
			buildSettings = {
				ASSETCATALOG_COMPILER_APPICON_NAME = AppIcon;
				CODE_SIGN_STYLE = Automatic;
				DEVELOPMENT_TEAM = 4SW4HVYC5B;
				INFOPLIST_FILE = SampleWeatherApp/Info.plist;
				LD_RUNPATH_SEARCH_PATHS = (
					"$(inherited)",
					"@executable_path/Frameworks",
				);
				PRODUCT_BUNDLE_IDENTIFIER = com.darkospasovski.weatherApp;
				PRODUCT_NAME = "$(TARGET_NAME)";
				SWIFT_VERSION = 5.0;
				TARGETED_DEVICE_FAMILY = 1;
			};
			name = Debug;
		};
		7B7ACBEA2269235400A337A3 /* Release */ = {
			isa = XCBuildConfiguration;
			baseConfigurationReference = B889706AD4B299A115FCA681 /* Pods-SampleWeatherApp.release.xcconfig */;
			buildSettings = {
				ASSETCATALOG_COMPILER_APPICON_NAME = AppIcon;
				CODE_SIGN_STYLE = Automatic;
				DEVELOPMENT_TEAM = 4SW4HVYC5B;
				INFOPLIST_FILE = SampleWeatherApp/Info.plist;
				LD_RUNPATH_SEARCH_PATHS = (
					"$(inherited)",
					"@executable_path/Frameworks",
				);
				PRODUCT_BUNDLE_IDENTIFIER = com.darkospasovski.weatherApp;
				PRODUCT_NAME = "$(TARGET_NAME)";
				SWIFT_VERSION = 5.0;
				TARGETED_DEVICE_FAMILY = 1;
			};
			name = Release;
		};
		7BF406E2226ED1D300EA73CA /* Debug */ = {
			isa = XCBuildConfiguration;
			baseConfigurationReference = 9DC2FFFF903706AABC81D80A /* Pods-SampleWeatherApp.debug.xcconfig */;
			buildSettings = {
				ASSETCATALOG_COMPILER_APPICON_NAME = AppIcon;
				CODE_SIGN_STYLE = Automatic;
				DEVELOPMENT_TEAM = 4SW4HVYC5B;
				INFOPLIST_FILE = "SampleWeatherApp copy-Info.plist";
				LD_RUNPATH_SEARCH_PATHS = (
					"$(inherited)",
					"@executable_path/Frameworks",
				);
				PRODUCT_BUNDLE_IDENTIFIER = com.darkospasovski.weatherApp;
				PRODUCT_NAME = "$(TARGET_NAME)";
				SWIFT_VERSION = 5.0;
				TARGETED_DEVICE_FAMILY = 1;
			};
			name = Debug;
		};
		7BF406E3226ED1D300EA73CA /* Release */ = {
			isa = XCBuildConfiguration;
			baseConfigurationReference = B889706AD4B299A115FCA681 /* Pods-SampleWeatherApp.release.xcconfig */;
			buildSettings = {
				ASSETCATALOG_COMPILER_APPICON_NAME = AppIcon;
				CODE_SIGN_STYLE = Automatic;
				DEVELOPMENT_TEAM = 4SW4HVYC5B;
				INFOPLIST_FILE = "SampleWeatherApp copy-Info.plist";
				LD_RUNPATH_SEARCH_PATHS = (
					"$(inherited)",
					"@executable_path/Frameworks",
				);
				PRODUCT_BUNDLE_IDENTIFIER = com.darkospasovski.weatherApp;
				PRODUCT_NAME = "$(TARGET_NAME)";
				SWIFT_VERSION = 5.0;
				TARGETED_DEVICE_FAMILY = 1;
			};
			name = Release;
		};
		7BF406E6226ED21000EA73CA /* Test */ = {
			isa = XCBuildConfiguration;
			buildSettings = {
				ALWAYS_SEARCH_USER_PATHS = NO;
				CLANG_ANALYZER_NONNULL = YES;
				CLANG_ANALYZER_NUMBER_OBJECT_CONVERSION = YES_AGGRESSIVE;
				CLANG_CXX_LANGUAGE_STANDARD = "gnu++14";
				CLANG_CXX_LIBRARY = "libc++";
				CLANG_ENABLE_MODULES = YES;
				CLANG_ENABLE_OBJC_ARC = YES;
				CLANG_ENABLE_OBJC_WEAK = YES;
				CLANG_WARN_BLOCK_CAPTURE_AUTORELEASING = YES;
				CLANG_WARN_BOOL_CONVERSION = YES;
				CLANG_WARN_COMMA = YES;
				CLANG_WARN_CONSTANT_CONVERSION = YES;
				CLANG_WARN_DEPRECATED_OBJC_IMPLEMENTATIONS = YES;
				CLANG_WARN_DIRECT_OBJC_ISA_USAGE = YES_ERROR;
				CLANG_WARN_DOCUMENTATION_COMMENTS = YES;
				CLANG_WARN_EMPTY_BODY = YES;
				CLANG_WARN_ENUM_CONVERSION = YES;
				CLANG_WARN_INFINITE_RECURSION = YES;
				CLANG_WARN_INT_CONVERSION = YES;
				CLANG_WARN_NON_LITERAL_NULL_CONVERSION = YES;
				CLANG_WARN_OBJC_IMPLICIT_RETAIN_SELF = YES;
				CLANG_WARN_OBJC_LITERAL_CONVERSION = YES;
				CLANG_WARN_OBJC_ROOT_CLASS = YES_ERROR;
				CLANG_WARN_RANGE_LOOP_ANALYSIS = YES;
				CLANG_WARN_STRICT_PROTOTYPES = YES;
				CLANG_WARN_SUSPICIOUS_MOVE = YES;
				CLANG_WARN_UNGUARDED_AVAILABILITY = YES_AGGRESSIVE;
				CLANG_WARN_UNREACHABLE_CODE = YES;
				CLANG_WARN__DUPLICATE_METHOD_MATCH = YES;
				CODE_SIGN_IDENTITY = "iPhone Developer";
				COPY_PHASE_STRIP = NO;
				DEBUG_INFORMATION_FORMAT = dwarf;
				ENABLE_STRICT_OBJC_MSGSEND = YES;
				ENABLE_TESTABILITY = YES;
				GCC_C_LANGUAGE_STANDARD = gnu11;
				GCC_DYNAMIC_NO_PIC = NO;
				GCC_NO_COMMON_BLOCKS = YES;
				GCC_OPTIMIZATION_LEVEL = 0;
				GCC_PREPROCESSOR_DEFINITIONS = (
					"DEBUG=1",
					"$(inherited)",
				);
				GCC_WARN_64_TO_32_BIT_CONVERSION = YES;
				GCC_WARN_ABOUT_RETURN_TYPE = YES_ERROR;
				GCC_WARN_UNDECLARED_SELECTOR = YES;
				GCC_WARN_UNINITIALIZED_AUTOS = YES_AGGRESSIVE;
				GCC_WARN_UNUSED_FUNCTION = YES;
				GCC_WARN_UNUSED_VARIABLE = YES;
				IPHONEOS_DEPLOYMENT_TARGET = 10.0;
				MTL_ENABLE_DEBUG_INFO = INCLUDE_SOURCE;
				MTL_FAST_MATH = YES;
				ONLY_ACTIVE_ARCH = YES;
				SDKROOT = iphoneos;
				SWIFT_ACTIVE_COMPILATION_CONDITIONS = DEBUG;
				SWIFT_OPTIMIZATION_LEVEL = "-Onone";
			};
			name = Test;
		};
		7BF406E7226ED21000EA73CA /* Test */ = {
			isa = XCBuildConfiguration;
			baseConfigurationReference = 9DC2FFFF903706AABC81D80A /* Pods-SampleWeatherApp.debug.xcconfig */;
			buildSettings = {
				ASSETCATALOG_COMPILER_APPICON_NAME = AppIcon;
				CODE_SIGN_STYLE = Automatic;
				DEVELOPMENT_TEAM = 4SW4HVYC5B;
				INFOPLIST_FILE = SampleWeatherApp/Info.plist;
				LD_RUNPATH_SEARCH_PATHS = (
					"$(inherited)",
					"@executable_path/Frameworks",
				);
				PRODUCT_BUNDLE_IDENTIFIER = com.darkospasovski.weatherApp;
				PRODUCT_NAME = "$(TARGET_NAME)";
				SWIFT_VERSION = 5.0;
				TARGETED_DEVICE_FAMILY = 1;
			};
			name = Test;
		};
		7BF406E8226ED21000EA73CA /* Test */ = {
			isa = XCBuildConfiguration;
			baseConfigurationReference = 9DC2FFFF903706AABC81D80A /* Pods-SampleWeatherApp.debug.xcconfig */;
			buildSettings = {
				ASSETCATALOG_COMPILER_APPICON_NAME = AppIcon;
				CODE_SIGN_STYLE = Automatic;
				DEVELOPMENT_TEAM = 4SW4HVYC5B;
				INFOPLIST_FILE = "SampleWeatherApp copy-Info.plist";
				LD_RUNPATH_SEARCH_PATHS = (
					"$(inherited)",
					"@executable_path/Frameworks",
				);
				PRODUCT_BUNDLE_IDENTIFIER = com.darkospasovski.weatherApp;
				PRODUCT_NAME = "$(TARGET_NAME)";
				SWIFT_VERSION = 5.0;
				TARGETED_DEVICE_FAMILY = 1;
			};
			name = Test;
		};
		7BF406E9226ED23600EA73CA /* UA */ = {
			isa = XCBuildConfiguration;
			buildSettings = {
				ALWAYS_SEARCH_USER_PATHS = NO;
				CLANG_ANALYZER_NONNULL = YES;
				CLANG_ANALYZER_NUMBER_OBJECT_CONVERSION = YES_AGGRESSIVE;
				CLANG_CXX_LANGUAGE_STANDARD = "gnu++14";
				CLANG_CXX_LIBRARY = "libc++";
				CLANG_ENABLE_MODULES = YES;
				CLANG_ENABLE_OBJC_ARC = YES;
				CLANG_ENABLE_OBJC_WEAK = YES;
				CLANG_WARN_BLOCK_CAPTURE_AUTORELEASING = YES;
				CLANG_WARN_BOOL_CONVERSION = YES;
				CLANG_WARN_COMMA = YES;
				CLANG_WARN_CONSTANT_CONVERSION = YES;
				CLANG_WARN_DEPRECATED_OBJC_IMPLEMENTATIONS = YES;
				CLANG_WARN_DIRECT_OBJC_ISA_USAGE = YES_ERROR;
				CLANG_WARN_DOCUMENTATION_COMMENTS = YES;
				CLANG_WARN_EMPTY_BODY = YES;
				CLANG_WARN_ENUM_CONVERSION = YES;
				CLANG_WARN_INFINITE_RECURSION = YES;
				CLANG_WARN_INT_CONVERSION = YES;
				CLANG_WARN_NON_LITERAL_NULL_CONVERSION = YES;
				CLANG_WARN_OBJC_IMPLICIT_RETAIN_SELF = YES;
				CLANG_WARN_OBJC_LITERAL_CONVERSION = YES;
				CLANG_WARN_OBJC_ROOT_CLASS = YES_ERROR;
				CLANG_WARN_RANGE_LOOP_ANALYSIS = YES;
				CLANG_WARN_STRICT_PROTOTYPES = YES;
				CLANG_WARN_SUSPICIOUS_MOVE = YES;
				CLANG_WARN_UNGUARDED_AVAILABILITY = YES_AGGRESSIVE;
				CLANG_WARN_UNREACHABLE_CODE = YES;
				CLANG_WARN__DUPLICATE_METHOD_MATCH = YES;
				CODE_SIGN_IDENTITY = "iPhone Developer";
				COPY_PHASE_STRIP = NO;
				DEBUG_INFORMATION_FORMAT = dwarf;
				ENABLE_STRICT_OBJC_MSGSEND = YES;
				ENABLE_TESTABILITY = YES;
				GCC_C_LANGUAGE_STANDARD = gnu11;
				GCC_DYNAMIC_NO_PIC = NO;
				GCC_NO_COMMON_BLOCKS = YES;
				GCC_OPTIMIZATION_LEVEL = 0;
				GCC_PREPROCESSOR_DEFINITIONS = (
					"DEBUG=1",
					"$(inherited)",
				);
				GCC_WARN_64_TO_32_BIT_CONVERSION = YES;
				GCC_WARN_ABOUT_RETURN_TYPE = YES_ERROR;
				GCC_WARN_UNDECLARED_SELECTOR = YES;
				GCC_WARN_UNINITIALIZED_AUTOS = YES_AGGRESSIVE;
				GCC_WARN_UNUSED_FUNCTION = YES;
				GCC_WARN_UNUSED_VARIABLE = YES;
				IPHONEOS_DEPLOYMENT_TARGET = 10.0;
				MTL_ENABLE_DEBUG_INFO = INCLUDE_SOURCE;
				MTL_FAST_MATH = YES;
				ONLY_ACTIVE_ARCH = YES;
				SDKROOT = iphoneos;
				SWIFT_ACTIVE_COMPILATION_CONDITIONS = DEBUG;
				SWIFT_OPTIMIZATION_LEVEL = "-Onone";
			};
			name = UA;
		};
		7BF406EA226ED23600EA73CA /* UA */ = {
			isa = XCBuildConfiguration;
			baseConfigurationReference = 9DC2FFFF903706AABC81D80A /* Pods-SampleWeatherApp.debug.xcconfig */;
			buildSettings = {
				ASSETCATALOG_COMPILER_APPICON_NAME = AppIcon;
				CODE_SIGN_STYLE = Automatic;
				DEVELOPMENT_TEAM = 4SW4HVYC5B;
				INFOPLIST_FILE = SampleWeatherApp/Info.plist;
				LD_RUNPATH_SEARCH_PATHS = (
					"$(inherited)",
					"@executable_path/Frameworks",
				);
				PRODUCT_BUNDLE_IDENTIFIER = com.darkospasovski.weatherApp;
				PRODUCT_NAME = "$(TARGET_NAME)";
				SWIFT_VERSION = 5.0;
				TARGETED_DEVICE_FAMILY = 1;
			};
			name = UA;
		};
		7BF406EB226ED23600EA73CA /* UA */ = {
			isa = XCBuildConfiguration;
			baseConfigurationReference = 9DC2FFFF903706AABC81D80A /* Pods-SampleWeatherApp.debug.xcconfig */;
			buildSettings = {
				ASSETCATALOG_COMPILER_APPICON_NAME = AppIcon;
				CODE_SIGN_STYLE = Automatic;
				DEVELOPMENT_TEAM = 4SW4HVYC5B;
				INFOPLIST_FILE = "SampleWeatherApp copy-Info.plist";
				LD_RUNPATH_SEARCH_PATHS = (
					"$(inherited)",
					"@executable_path/Frameworks",
				);
				PRODUCT_BUNDLE_IDENTIFIER = com.darkospasovski.weatherApp;
				PRODUCT_NAME = "$(TARGET_NAME)";
				SWIFT_VERSION = 5.0;
				TARGETED_DEVICE_FAMILY = 1;
			};
			name = UA;
		};
		7BF40713226ED23F00EA73CA /* Debug */ = {
			isa = XCBuildConfiguration;
			baseConfigurationReference = 9DC2FFFF903706AABC81D80A /* Pods-SampleWeatherApp.debug.xcconfig */;
			buildSettings = {
				ASSETCATALOG_COMPILER_APPICON_NAME = AppIcon;
				CODE_SIGN_STYLE = Automatic;
				DEVELOPMENT_TEAM = 4SW4HVYC5B;
				INFOPLIST_FILE = "SampleWeatherAppDev copy-Info.plist";
				LD_RUNPATH_SEARCH_PATHS = (
					"$(inherited)",
					"@executable_path/Frameworks",
				);
				PRODUCT_BUNDLE_IDENTIFIER = com.darkospasovski.weatherApp;
				PRODUCT_NAME = "$(TARGET_NAME)";
				SWIFT_VERSION = 5.0;
				TARGETED_DEVICE_FAMILY = 1;
			};
			name = Debug;
		};
		7BF40714226ED23F00EA73CA /* UA */ = {
			isa = XCBuildConfiguration;
			baseConfigurationReference = 9DC2FFFF903706AABC81D80A /* Pods-SampleWeatherApp.debug.xcconfig */;
			buildSettings = {
				ASSETCATALOG_COMPILER_APPICON_NAME = AppIcon;
				CODE_SIGN_STYLE = Automatic;
				DEVELOPMENT_TEAM = 4SW4HVYC5B;
				INFOPLIST_FILE = "SampleWeatherAppDev copy-Info.plist";
				LD_RUNPATH_SEARCH_PATHS = (
					"$(inherited)",
					"@executable_path/Frameworks",
				);
				PRODUCT_BUNDLE_IDENTIFIER = com.darkospasovski.weatherApp;
				PRODUCT_NAME = "$(TARGET_NAME)";
				SWIFT_VERSION = 5.0;
				TARGETED_DEVICE_FAMILY = 1;
			};
			name = UA;
		};
		7BF40715226ED23F00EA73CA /* Test */ = {
			isa = XCBuildConfiguration;
			baseConfigurationReference = 9DC2FFFF903706AABC81D80A /* Pods-SampleWeatherApp.debug.xcconfig */;
			buildSettings = {
				ASSETCATALOG_COMPILER_APPICON_NAME = AppIcon;
				CODE_SIGN_STYLE = Automatic;
				DEVELOPMENT_TEAM = 4SW4HVYC5B;
				INFOPLIST_FILE = "SampleWeatherAppDev copy-Info.plist";
				LD_RUNPATH_SEARCH_PATHS = (
					"$(inherited)",
					"@executable_path/Frameworks",
				);
				PRODUCT_BUNDLE_IDENTIFIER = com.darkospasovski.weatherApp;
				PRODUCT_NAME = "$(TARGET_NAME)";
				SWIFT_VERSION = 5.0;
				TARGETED_DEVICE_FAMILY = 1;
			};
			name = Test;
		};
		7BF40716226ED23F00EA73CA /* Release */ = {
			isa = XCBuildConfiguration;
			baseConfigurationReference = B889706AD4B299A115FCA681 /* Pods-SampleWeatherApp.release.xcconfig */;
			buildSettings = {
				ASSETCATALOG_COMPILER_APPICON_NAME = AppIcon;
				CODE_SIGN_STYLE = Automatic;
				DEVELOPMENT_TEAM = 4SW4HVYC5B;
				INFOPLIST_FILE = "SampleWeatherAppDev copy-Info.plist";
				LD_RUNPATH_SEARCH_PATHS = (
					"$(inherited)",
					"@executable_path/Frameworks",
				);
				PRODUCT_BUNDLE_IDENTIFIER = com.darkospasovski.weatherApp;
				PRODUCT_NAME = "$(TARGET_NAME)";
				SWIFT_VERSION = 5.0;
				TARGETED_DEVICE_FAMILY = 1;
			};
			name = Release;
		};
		7BF40740226ED24F00EA73CA /* Debug */ = {
			isa = XCBuildConfiguration;
			baseConfigurationReference = 9DC2FFFF903706AABC81D80A /* Pods-SampleWeatherApp.debug.xcconfig */;
			buildSettings = {
				ASSETCATALOG_COMPILER_APPICON_NAME = AppIcon;
				CODE_SIGN_STYLE = Automatic;
				DEVELOPMENT_TEAM = 4SW4HVYC5B;
				INFOPLIST_FILE = "SampleWeatherAppUA copy-Info.plist";
				LD_RUNPATH_SEARCH_PATHS = (
					"$(inherited)",
					"@executable_path/Frameworks",
				);
				PRODUCT_BUNDLE_IDENTIFIER = com.darkospasovski.weatherApp;
				PRODUCT_NAME = "$(TARGET_NAME)";
				SWIFT_VERSION = 5.0;
				TARGETED_DEVICE_FAMILY = 1;
			};
			name = Debug;
		};
		7BF40741226ED24F00EA73CA /* UA */ = {
			isa = XCBuildConfiguration;
			baseConfigurationReference = 9DC2FFFF903706AABC81D80A /* Pods-SampleWeatherApp.debug.xcconfig */;
			buildSettings = {
				ASSETCATALOG_COMPILER_APPICON_NAME = AppIcon;
				CODE_SIGN_STYLE = Automatic;
				DEVELOPMENT_TEAM = 4SW4HVYC5B;
				INFOPLIST_FILE = "SampleWeatherAppUA copy-Info.plist";
				LD_RUNPATH_SEARCH_PATHS = (
					"$(inherited)",
					"@executable_path/Frameworks",
				);
				PRODUCT_BUNDLE_IDENTIFIER = com.darkospasovski.weatherApp;
				PRODUCT_NAME = "$(TARGET_NAME)";
				SWIFT_VERSION = 5.0;
				TARGETED_DEVICE_FAMILY = 1;
			};
			name = UA;
		};
		7BF40742226ED24F00EA73CA /* Test */ = {
			isa = XCBuildConfiguration;
			baseConfigurationReference = 9DC2FFFF903706AABC81D80A /* Pods-SampleWeatherApp.debug.xcconfig */;
			buildSettings = {
				ASSETCATALOG_COMPILER_APPICON_NAME = AppIcon;
				CODE_SIGN_STYLE = Automatic;
				DEVELOPMENT_TEAM = 4SW4HVYC5B;
				INFOPLIST_FILE = "SampleWeatherAppUA copy-Info.plist";
				LD_RUNPATH_SEARCH_PATHS = (
					"$(inherited)",
					"@executable_path/Frameworks",
				);
				PRODUCT_BUNDLE_IDENTIFIER = com.darkospasovski.weatherApp;
				PRODUCT_NAME = "$(TARGET_NAME)";
				SWIFT_VERSION = 5.0;
				TARGETED_DEVICE_FAMILY = 1;
			};
			name = Test;
		};
		7BF40743226ED24F00EA73CA /* Release */ = {
			isa = XCBuildConfiguration;
			baseConfigurationReference = B889706AD4B299A115FCA681 /* Pods-SampleWeatherApp.release.xcconfig */;
			buildSettings = {
				ASSETCATALOG_COMPILER_APPICON_NAME = AppIcon;
				CODE_SIGN_STYLE = Automatic;
				DEVELOPMENT_TEAM = 4SW4HVYC5B;
				INFOPLIST_FILE = "SampleWeatherAppUA copy-Info.plist";
				LD_RUNPATH_SEARCH_PATHS = (
					"$(inherited)",
					"@executable_path/Frameworks",
				);
				PRODUCT_BUNDLE_IDENTIFIER = com.darkospasovski.weatherApp;
				PRODUCT_NAME = "$(TARGET_NAME)";
				SWIFT_VERSION = 5.0;
				TARGETED_DEVICE_FAMILY = 1;
			};
			name = Release;
		};
/* End XCBuildConfiguration section */

/* Begin XCConfigurationList section */
		7B7ACBD12269235300A337A3 /* Build configuration list for PBXProject "SampleWeatherApp" */ = {
			isa = XCConfigurationList;
			buildConfigurations = (
				7B7ACBE62269235400A337A3 /* Debug */,
				7BF406E9226ED23600EA73CA /* UA */,
				7BF406E6226ED21000EA73CA /* Test */,
				7B7ACBE72269235400A337A3 /* Release */,
			);
			defaultConfigurationIsVisible = 0;
			defaultConfigurationName = Release;
		};
		7B7ACBE82269235400A337A3 /* Build configuration list for PBXNativeTarget "SampleWeatherApp" */ = {
			isa = XCConfigurationList;
			buildConfigurations = (
				7B7ACBE92269235400A337A3 /* Debug */,
				7BF406EA226ED23600EA73CA /* UA */,
				7BF406E7226ED21000EA73CA /* Test */,
				7B7ACBEA2269235400A337A3 /* Release */,
			);
			defaultConfigurationIsVisible = 0;
			defaultConfigurationName = Release;
		};
		7BF406E1226ED1D300EA73CA /* Build configuration list for PBXNativeTarget "SampleWeatherAppDev" */ = {
			isa = XCConfigurationList;
			buildConfigurations = (
				7BF406E2226ED1D300EA73CA /* Debug */,
				7BF406EB226ED23600EA73CA /* UA */,
				7BF406E8226ED21000EA73CA /* Test */,
				7BF406E3226ED1D300EA73CA /* Release */,
			);
			defaultConfigurationIsVisible = 0;
			defaultConfigurationName = Release;
		};
		7BF40712226ED23F00EA73CA /* Build configuration list for PBXNativeTarget "SampleWeatherAppUA" */ = {
			isa = XCConfigurationList;
			buildConfigurations = (
				7BF40713226ED23F00EA73CA /* Debug */,
				7BF40714226ED23F00EA73CA /* UA */,
				7BF40715226ED23F00EA73CA /* Test */,
				7BF40716226ED23F00EA73CA /* Release */,
			);
			defaultConfigurationIsVisible = 0;
			defaultConfigurationName = Release;
		};
		7BF4073F226ED24F00EA73CA /* Build configuration list for PBXNativeTarget "SampleWeatherAppTest" */ = {
			isa = XCConfigurationList;
			buildConfigurations = (
				7BF40740226ED24F00EA73CA /* Debug */,
				7BF40741226ED24F00EA73CA /* UA */,
				7BF40742226ED24F00EA73CA /* Test */,
				7BF40743226ED24F00EA73CA /* Release */,
			);
			defaultConfigurationIsVisible = 0;
			defaultConfigurationName = Release;
		};
/* End XCConfigurationList section */
	};
	rootObject = 7B7ACBCE2269235300A337A3 /* Project object */;
}
